// !$*UTF8*$!
{
	archiveVersion = 1;
	classes = {
	};
	objectVersion = 46;
	objects = {

/* Begin PBXBuildFile section */
		15A3D8FF1682F7D5002FB0C5 /* b2BroadPhase.cpp in Sources */ = {isa = PBXBuildFile; fileRef = 15A3D88B1682F7D5002FB0C5 /* b2BroadPhase.cpp */; };
		15A3D9001682F7D5002FB0C5 /* b2CollideCircle.cpp in Sources */ = {isa = PBXBuildFile; fileRef = 15A3D88D1682F7D5002FB0C5 /* b2CollideCircle.cpp */; };
		15A3D9011682F7D5002FB0C5 /* b2CollideEdge.cpp in Sources */ = {isa = PBXBuildFile; fileRef = 15A3D88E1682F7D5002FB0C5 /* b2CollideEdge.cpp */; };
		15A3D9021682F7D5002FB0C5 /* b2CollidePolygon.cpp in Sources */ = {isa = PBXBuildFile; fileRef = 15A3D88F1682F7D5002FB0C5 /* b2CollidePolygon.cpp */; };
		15A3D9031682F7D5002FB0C5 /* b2Collision.cpp in Sources */ = {isa = PBXBuildFile; fileRef = 15A3D8901682F7D5002FB0C5 /* b2Collision.cpp */; };
		15A3D9041682F7D5002FB0C5 /* b2Distance.cpp in Sources */ = {isa = PBXBuildFile; fileRef = 15A3D8921682F7D5002FB0C5 /* b2Distance.cpp */; };
		15A3D9051682F7D5002FB0C5 /* b2DynamicTree.cpp in Sources */ = {isa = PBXBuildFile; fileRef = 15A3D8941682F7D5002FB0C5 /* b2DynamicTree.cpp */; };
		15A3D9061682F7D5002FB0C5 /* b2TimeOfImpact.cpp in Sources */ = {isa = PBXBuildFile; fileRef = 15A3D8961682F7D5002FB0C5 /* b2TimeOfImpact.cpp */; };
		15A3D9071682F7D5002FB0C5 /* b2ChainShape.cpp in Sources */ = {isa = PBXBuildFile; fileRef = 15A3D8991682F7D5002FB0C5 /* b2ChainShape.cpp */; };
		15A3D9081682F7D5002FB0C5 /* b2CircleShape.cpp in Sources */ = {isa = PBXBuildFile; fileRef = 15A3D89B1682F7D5002FB0C5 /* b2CircleShape.cpp */; };
		15A3D9091682F7D5002FB0C5 /* b2EdgeShape.cpp in Sources */ = {isa = PBXBuildFile; fileRef = 15A3D89D1682F7D5002FB0C5 /* b2EdgeShape.cpp */; };
		15A3D90A1682F7D5002FB0C5 /* b2PolygonShape.cpp in Sources */ = {isa = PBXBuildFile; fileRef = 15A3D89F1682F7D5002FB0C5 /* b2PolygonShape.cpp */; };
		15A3D90B1682F7D5002FB0C5 /* b2BlockAllocator.cpp in Sources */ = {isa = PBXBuildFile; fileRef = 15A3D8A31682F7D5002FB0C5 /* b2BlockAllocator.cpp */; };
		15A3D90C1682F7D5002FB0C5 /* b2Draw.cpp in Sources */ = {isa = PBXBuildFile; fileRef = 15A3D8A51682F7D5002FB0C5 /* b2Draw.cpp */; };
		15A3D90D1682F7D5002FB0C5 /* b2Math.cpp in Sources */ = {isa = PBXBuildFile; fileRef = 15A3D8A81682F7D5002FB0C5 /* b2Math.cpp */; };
		15A3D90E1682F7D5002FB0C5 /* b2Settings.cpp in Sources */ = {isa = PBXBuildFile; fileRef = 15A3D8AA1682F7D5002FB0C5 /* b2Settings.cpp */; };
		15A3D90F1682F7D5002FB0C5 /* b2StackAllocator.cpp in Sources */ = {isa = PBXBuildFile; fileRef = 15A3D8AC1682F7D5002FB0C5 /* b2StackAllocator.cpp */; };
		15A3D9101682F7D5002FB0C5 /* b2Timer.cpp in Sources */ = {isa = PBXBuildFile; fileRef = 15A3D8AE1682F7D5002FB0C5 /* b2Timer.cpp */; };
		15A3D9111682F7D5002FB0C5 /* b2Body.cpp in Sources */ = {isa = PBXBuildFile; fileRef = 15A3D8B11682F7D5002FB0C5 /* b2Body.cpp */; };
		15A3D9121682F7D5002FB0C5 /* b2ContactManager.cpp in Sources */ = {isa = PBXBuildFile; fileRef = 15A3D8B31682F7D5002FB0C5 /* b2ContactManager.cpp */; };
		15A3D9131682F7D5002FB0C5 /* b2Fixture.cpp in Sources */ = {isa = PBXBuildFile; fileRef = 15A3D8B51682F7D5002FB0C5 /* b2Fixture.cpp */; };
		15A3D9141682F7D5002FB0C5 /* b2Island.cpp in Sources */ = {isa = PBXBuildFile; fileRef = 15A3D8B71682F7D5002FB0C5 /* b2Island.cpp */; };
		15A3D9151682F7D5002FB0C5 /* b2World.cpp in Sources */ = {isa = PBXBuildFile; fileRef = 15A3D8BA1682F7D5002FB0C5 /* b2World.cpp */; };
		15A3D9161682F7D5002FB0C5 /* b2WorldCallbacks.cpp in Sources */ = {isa = PBXBuildFile; fileRef = 15A3D8BC1682F7D5002FB0C5 /* b2WorldCallbacks.cpp */; };
		15A3D9171682F7D5002FB0C5 /* b2ChainAndCircleContact.cpp in Sources */ = {isa = PBXBuildFile; fileRef = 15A3D8BF1682F7D5002FB0C5 /* b2ChainAndCircleContact.cpp */; };
		15A3D9181682F7D5002FB0C5 /* b2ChainAndPolygonContact.cpp in Sources */ = {isa = PBXBuildFile; fileRef = 15A3D8C11682F7D5002FB0C5 /* b2ChainAndPolygonContact.cpp */; };
		15A3D9191682F7D5002FB0C5 /* b2CircleContact.cpp in Sources */ = {isa = PBXBuildFile; fileRef = 15A3D8C31682F7D5002FB0C5 /* b2CircleContact.cpp */; };
		15A3D91A1682F7D5002FB0C5 /* b2Contact.cpp in Sources */ = {isa = PBXBuildFile; fileRef = 15A3D8C51682F7D5002FB0C5 /* b2Contact.cpp */; };
		15A3D91B1682F7D5002FB0C5 /* b2ContactSolver.cpp in Sources */ = {isa = PBXBuildFile; fileRef = 15A3D8C71682F7D5002FB0C5 /* b2ContactSolver.cpp */; };
		15A3D91C1682F7D5002FB0C5 /* b2EdgeAndCircleContact.cpp in Sources */ = {isa = PBXBuildFile; fileRef = 15A3D8C91682F7D5002FB0C5 /* b2EdgeAndCircleContact.cpp */; };
		15A3D91D1682F7D5002FB0C5 /* b2EdgeAndPolygonContact.cpp in Sources */ = {isa = PBXBuildFile; fileRef = 15A3D8CB1682F7D5002FB0C5 /* b2EdgeAndPolygonContact.cpp */; };
		15A3D91E1682F7D5002FB0C5 /* b2PolygonAndCircleContact.cpp in Sources */ = {isa = PBXBuildFile; fileRef = 15A3D8CD1682F7D5002FB0C5 /* b2PolygonAndCircleContact.cpp */; };
		15A3D91F1682F7D5002FB0C5 /* b2PolygonContact.cpp in Sources */ = {isa = PBXBuildFile; fileRef = 15A3D8CF1682F7D5002FB0C5 /* b2PolygonContact.cpp */; };
		15A3D9201682F7D5002FB0C5 /* b2DistanceJoint.cpp in Sources */ = {isa = PBXBuildFile; fileRef = 15A3D8D21682F7D5002FB0C5 /* b2DistanceJoint.cpp */; };
		15A3D9211682F7D5002FB0C5 /* b2FrictionJoint.cpp in Sources */ = {isa = PBXBuildFile; fileRef = 15A3D8D41682F7D5002FB0C5 /* b2FrictionJoint.cpp */; };
		15A3D9221682F7D5002FB0C5 /* b2GearJoint.cpp in Sources */ = {isa = PBXBuildFile; fileRef = 15A3D8D61682F7D5002FB0C5 /* b2GearJoint.cpp */; };
		15A3D9231682F7D5002FB0C5 /* b2Joint.cpp in Sources */ = {isa = PBXBuildFile; fileRef = 15A3D8D81682F7D5002FB0C5 /* b2Joint.cpp */; };
		15A3D9241682F7D5002FB0C5 /* b2MouseJoint.cpp in Sources */ = {isa = PBXBuildFile; fileRef = 15A3D8DA1682F7D5002FB0C5 /* b2MouseJoint.cpp */; };
		15A3D9251682F7D5002FB0C5 /* b2PrismaticJoint.cpp in Sources */ = {isa = PBXBuildFile; fileRef = 15A3D8DC1682F7D5002FB0C5 /* b2PrismaticJoint.cpp */; };
		15A3D9261682F7D5002FB0C5 /* b2PulleyJoint.cpp in Sources */ = {isa = PBXBuildFile; fileRef = 15A3D8DE1682F7D5002FB0C5 /* b2PulleyJoint.cpp */; };
		15A3D9271682F7D5002FB0C5 /* b2RevoluteJoint.cpp in Sources */ = {isa = PBXBuildFile; fileRef = 15A3D8E01682F7D5002FB0C5 /* b2RevoluteJoint.cpp */; };
		15A3D9281682F7D5002FB0C5 /* b2RopeJoint.cpp in Sources */ = {isa = PBXBuildFile; fileRef = 15A3D8E21682F7D5002FB0C5 /* b2RopeJoint.cpp */; };
		15A3D9291682F7D5002FB0C5 /* b2WeldJoint.cpp in Sources */ = {isa = PBXBuildFile; fileRef = 15A3D8E41682F7D5002FB0C5 /* b2WeldJoint.cpp */; };
		15A3D92A1682F7D5002FB0C5 /* b2WheelJoint.cpp in Sources */ = {isa = PBXBuildFile; fileRef = 15A3D8E61682F7D5002FB0C5 /* b2WheelJoint.cpp */; };
		15A3D9391682F7D5002FB0C5 /* b2Rope.cpp in Sources */ = {isa = PBXBuildFile; fileRef = 15A3D8FC1682F7D5002FB0C5 /* b2Rope.cpp */; };
		15A3DA6A1682F886002FB0C5 /* libcocos2dx.a in Frameworks */ = {isa = PBXBuildFile; fileRef = 15A3D8861682F7B3002FB0C5 /* libcocos2dx.a */; };
		15A3DAEB1682F8A6002FB0C5 /* CDAudioManager.m in Sources */ = {isa = PBXBuildFile; fileRef = 15A3DA861682F8A6002FB0C5 /* CDAudioManager.m */; };
		15A3DAEC1682F8A6002FB0C5 /* CDOpenALSupport.m in Sources */ = {isa = PBXBuildFile; fileRef = 15A3DA891682F8A6002FB0C5 /* CDOpenALSupport.m */; };
		15A3DAED1682F8A6002FB0C5 /* CocosDenshion.m in Sources */ = {isa = PBXBuildFile; fileRef = 15A3DA8B1682F8A6002FB0C5 /* CocosDenshion.m */; };
		15A3DAEE1682F8A6002FB0C5 /* SimpleAudioEngine.mm in Sources */ = {isa = PBXBuildFile; fileRef = 15A3DA8C1682F8A6002FB0C5 /* SimpleAudioEngine.mm */; };
		15A3DAEF1682F8A6002FB0C5 /* SimpleAudioEngine_objc.m in Sources */ = {isa = PBXBuildFile; fileRef = 15A3DA8E1682F8A6002FB0C5 /* SimpleAudioEngine_objc.m */; };
		1AC3624916D4A1E8000847F2 /* AppController.mm in Sources */ = {isa = PBXBuildFile; fileRef = 1AC3624316D4A1E8000847F2 /* AppController.mm */; };
		1AC3624B16D4A1E8000847F2 /* main.m in Sources */ = {isa = PBXBuildFile; fileRef = 1AC3624516D4A1E8000847F2 /* main.m */; };
		1ACB3244164770DE00914215 /* libcurl.a in Frameworks */ = {isa = PBXBuildFile; fileRef = 1ACB3243164770DE00914215 /* libcurl.a */; };
		1AFAF8B816D35DE700DB1158 /* HelloWorldScene.cpp in Sources */ = {isa = PBXBuildFile; fileRef = 1AFAF8B516D35DE700DB1158 /* HelloWorldScene.cpp */; };
		1AFCDA8216D4A25900906EA6 /* RootViewController.mm in Sources */ = {isa = PBXBuildFile; fileRef = 1AFCDA8116D4A25900906EA6 /* RootViewController.mm */; };
		1D60589F0D05DD5A006BFB54 /* Foundation.framework in Frameworks */ = {isa = PBXBuildFile; fileRef = 1D30AB110D05D00D00671497 /* Foundation.framework */; };
		1DF5F4E00D08C38300B7A737 /* UIKit.framework in Frameworks */ = {isa = PBXBuildFile; fileRef = 1DF5F4DF0D08C38300B7A737 /* UIKit.framework */; };
		288765A50DF7441C002DB57D /* CoreGraphics.framework in Frameworks */ = {isa = PBXBuildFile; fileRef = 288765A40DF7441C002DB57D /* CoreGraphics.framework */; };
		326DF4E218C510FC004E1F4B /* Background@2x.png in Resources */ = {isa = PBXBuildFile; fileRef = 326DF4DF18C510FC004E1F4B /* Background@2x.png */; };
		326DF4E318C510FC004E1F4B /* Background_Night@2x.png in Resources */ = {isa = PBXBuildFile; fileRef = 326DF4E018C510FC004E1F4B /* Background_Night@2x.png */; };
		326DF4E418C510FC004E1F4B /* Background_Toucan@2x.png in Resources */ = {isa = PBXBuildFile; fileRef = 326DF4E118C510FC004E1F4B /* Background_Toucan@2x.png */; };
		326DF4E918C51A98004E1F4B /* AppDelegate.cpp in Sources */ = {isa = PBXBuildFile; fileRef = 326DF4E718C51A98004E1F4B /* AppDelegate.cpp */; };
		326DF4EF18C51AA0004E1F4B /* MainScene.cpp in Sources */ = {isa = PBXBuildFile; fileRef = 326DF4EB18C51AA0004E1F4B /* MainScene.cpp */; };
		326DF4F018C51AA0004E1F4B /* StaticBackgroundLayer.cpp in Sources */ = {isa = PBXBuildFile; fileRef = 326DF4ED18C51AA0004E1F4B /* StaticBackgroundLayer.cpp */; };
		326DF4F918C51E2E004E1F4B /* ScrollingBackgroundLayer.cpp in Sources */ = {isa = PBXBuildFile; fileRef = 326DF4F718C51E2E004E1F4B /* ScrollingBackgroundLayer.cpp */; };
		326DF4FC18C51EAB004E1F4B /* GameplayLayer.cpp in Sources */ = {isa = PBXBuildFile; fileRef = 326DF4FA18C51EAB004E1F4B /* GameplayLayer.cpp */; };
		326DF4FF18C51EB6004E1F4B /* HUDLayer.cpp in Sources */ = {isa = PBXBuildFile; fileRef = 326DF4FD18C51EB6004E1F4B /* HUDLayer.cpp */; };
		326DF50318C51FDA004E1F4B /* GameLayer.cpp in Sources */ = {isa = PBXBuildFile; fileRef = 326DF50118C51FDA004E1F4B /* GameLayer.cpp */; };
		326DF52B18C521B2004E1F4B /* Font_Score_Large.fnt in Resources */ = {isa = PBXBuildFile; fileRef = 326DF50518C521B2004E1F4B /* Font_Score_Large.fnt */; };
		326DF52C18C521B2004E1F4B /* Font_Score_Large.GlyphProject in Resources */ = {isa = PBXBuildFile; fileRef = 326DF50618C521B2004E1F4B /* Font_Score_Large.GlyphProject */; };
		326DF52D18C521B2004E1F4B /* Font_Score_Large.png in Resources */ = {isa = PBXBuildFile; fileRef = 326DF50718C521B2004E1F4B /* Font_Score_Large.png */; };
		326DF52E18C521B2004E1F4B /* Font_Score_Small.fnt in Resources */ = {isa = PBXBuildFile; fileRef = 326DF50818C521B2004E1F4B /* Font_Score_Small.fnt */; };
		326DF52F18C521B2004E1F4B /* Font_Score_Small.GlyphProject in Resources */ = {isa = PBXBuildFile; fileRef = 326DF50918C521B2004E1F4B /* Font_Score_Small.GlyphProject */; };
		326DF53018C521B2004E1F4B /* Font_Score_Small.png in Resources */ = {isa = PBXBuildFile; fileRef = 326DF50A18C521B2004E1F4B /* Font_Score_Small.png */; };
		326DF53118C521B2004E1F4B /* AppIcon29x29@2x.png in Resources */ = {isa = PBXBuildFile; fileRef = 326DF50C18C521B2004E1F4B /* AppIcon29x29@2x.png */; };
		326DF53218C521B2004E1F4B /* AppIcon40x40@2x.png in Resources */ = {isa = PBXBuildFile; fileRef = 326DF50D18C521B2004E1F4B /* AppIcon40x40@2x.png */; };
		326DF53318C521B2004E1F4B /* AppIcon60x60@2x.png in Resources */ = {isa = PBXBuildFile; fileRef = 326DF50E18C521B2004E1F4B /* AppIcon60x60@2x.png */; };
		326DF53418C521B2004E1F4B /* AppIcon76x76@2x.png in Resources */ = {isa = PBXBuildFile; fileRef = 326DF50F18C521B2004E1F4B /* AppIcon76x76@2x.png */; };
		326DF53518C521B2004E1F4B /* ShapeDefs.pes in Resources */ = {isa = PBXBuildFile; fileRef = 326DF51118C521B2004E1F4B /* ShapeDefs.pes */; };
		326DF53618C521B2004E1F4B /* ShapeDefs.plist in Resources */ = {isa = PBXBuildFile; fileRef = 326DF51218C521B2004E1F4B /* ShapeDefs.plist */; };
		326DF53718C521B2004E1F4B /* Perc_2.wav in Resources */ = {isa = PBXBuildFile; fileRef = 326DF51418C521B2004E1F4B /* Perc_2.wav */; };
		326DF53818C521B2004E1F4B /* Return_to_Earth.mp3 in Resources */ = {isa = PBXBuildFile; fileRef = 326DF51518C521B2004E1F4B /* Return_to_Earth.mp3 */; };
		326DF53918C521B2004E1F4B /* Shaker_2.wav in Resources */ = {isa = PBXBuildFile; fileRef = 326DF51618C521B2004E1F4B /* Shaker_2.wav */; };
		326DF53A18C521B2004E1F4B /* Default-568h@2x.png in Resources */ = {isa = PBXBuildFile; fileRef = 326DF51818C521B2004E1F4B /* Default-568h@2x.png */; };
		326DF53B18C521B2004E1F4B /* Default@2x.png in Resources */ = {isa = PBXBuildFile; fileRef = 326DF51918C521B2004E1F4B /* Default@2x.png */; };
		326DF53C18C521B2004E1F4B /* Clouds.tps in Resources */ = {isa = PBXBuildFile; fileRef = 326DF51B18C521B2004E1F4B /* Clouds.tps */; };
		326DF53D18C521B2004E1F4B /* Clouds@2x.plist in Resources */ = {isa = PBXBuildFile; fileRef = 326DF51C18C521B2004E1F4B /* Clouds@2x.plist */; };
		326DF53E18C521B2004E1F4B /* Clouds@2x.png in Resources */ = {isa = PBXBuildFile; fileRef = 326DF51D18C521B2004E1F4B /* Clouds@2x.png */; };
		326DF53F18C521B2004E1F4B /* HUD.tps in Resources */ = {isa = PBXBuildFile; fileRef = 326DF51E18C521B2004E1F4B /* HUD.tps */; };
		326DF54018C521B2004E1F4B /* HUD@2x.plist in Resources */ = {isa = PBXBuildFile; fileRef = 326DF51F18C521B2004E1F4B /* HUD@2x.plist */; };
		326DF54118C521B2004E1F4B /* HUD@2x.png in Resources */ = {isa = PBXBuildFile; fileRef = 326DF52018C521B2004E1F4B /* HUD@2x.png */; };
		326DF54218C521B2004E1F4B /* Pipe.plist in Resources */ = {isa = PBXBuildFile; fileRef = 326DF52118C521B2004E1F4B /* Pipe.plist */; };
		326DF54318C521B2004E1F4B /* Textures.tps in Resources */ = {isa = PBXBuildFile; fileRef = 326DF52218C521B2004E1F4B /* Textures.tps */; };
		326DF54418C521B2004E1F4B /* Textures@2x.plist in Resources */ = {isa = PBXBuildFile; fileRef = 326DF52318C521B2004E1F4B /* Textures@2x.plist */; };
		326DF54518C521B2004E1F4B /* Textures@2x.png in Resources */ = {isa = PBXBuildFile; fileRef = 326DF52418C521B2004E1F4B /* Textures@2x.png */; };
		326DF54618C521B2004E1F4B /* Grass.png in Resources */ = {isa = PBXBuildFile; fileRef = 326DF52618C521B2004E1F4B /* Grass.png */; };
		326DF54718C521B2004E1F4B /* Grass.tmx in Resources */ = {isa = PBXBuildFile; fileRef = 326DF52718C521B2004E1F4B /* Grass.tmx */; };
		326DF54818C521B2004E1F4B /* Pipe.ai in Resources */ = {isa = PBXBuildFile; fileRef = 326DF52818C521B2004E1F4B /* Pipe.ai */; };
		326DF54918C521B2004E1F4B /* Pipe.png in Resources */ = {isa = PBXBuildFile; fileRef = 326DF52918C521B2004E1F4B /* Pipe.png */; };
		326DF54A18C521B2004E1F4B /* Pipe.tmx in Resources */ = {isa = PBXBuildFile; fileRef = 326DF52A18C521B2004E1F4B /* Pipe.tmx */; };
		326DF54E18C52604004E1F4B /* GameSprite.cpp in Sources */ = {isa = PBXBuildFile; fileRef = 326DF54C18C52604004E1F4B /* GameSprite.cpp */; };
		326DF55118C52629004E1F4B /* Bird.cpp in Sources */ = {isa = PBXBuildFile; fileRef = 326DF54F18C52629004E1F4B /* Bird.cpp */; };
		326DF55418C52647004E1F4B /* Toucan.cpp in Sources */ = {isa = PBXBuildFile; fileRef = 326DF55218C52647004E1F4B /* Toucan.cpp */; };
		326DF55718C52667004E1F4B /* Pigeon.cpp in Sources */ = {isa = PBXBuildFile; fileRef = 326DF55518C52667004E1F4B /* Pigeon.cpp */; };
		326DF55D18C5271E004E1F4B /* GameManager.cpp in Sources */ = {isa = PBXBuildFile; fileRef = 326DF55B18C5271E004E1F4B /* GameManager.cpp */; };
		326DF56018C5276B004E1F4B /* Box2DLayer.cpp in Sources */ = {isa = PBXBuildFile; fileRef = 326DF55E18C5276B004E1F4B /* Box2DLayer.cpp */; };
		BF171245129291EC00B8313A /* OpenGLES.framework in Frameworks */ = {isa = PBXBuildFile; fileRef = BF170DB012928DE900B8313A /* OpenGLES.framework */; };
		BF1712461292920000B8313A /* libxml2.dylib in Frameworks */ = {isa = PBXBuildFile; fileRef = BF170DB212928DE900B8313A /* libxml2.dylib */; };
		BF1712471292920000B8313A /* libz.dylib in Frameworks */ = {isa = PBXBuildFile; fileRef = BF170DB412928DE900B8313A /* libz.dylib */; };
		BF1C47F01293687400B63C5D /* QuartzCore.framework in Frameworks */ = {isa = PBXBuildFile; fileRef = BF1C47EA1293683800B63C5D /* QuartzCore.framework */; };
		D44C620C132DFF330009C878 /* OpenAL.framework in Frameworks */ = {isa = PBXBuildFile; fileRef = D44C620B132DFF330009C878 /* OpenAL.framework */; };
		D44C620E132DFF430009C878 /* AVFoundation.framework in Frameworks */ = {isa = PBXBuildFile; fileRef = D44C620D132DFF430009C878 /* AVFoundation.framework */; };
		D44C6210132DFF4E0009C878 /* AudioToolbox.framework in Frameworks */ = {isa = PBXBuildFile; fileRef = D44C620F132DFF4E0009C878 /* AudioToolbox.framework */; };
/* End PBXBuildFile section */

/* Begin PBXContainerItemProxy section */
		15A3D8851682F7B3002FB0C5 /* PBXContainerItemProxy */ = {
			isa = PBXContainerItemProxy;
			containerPortal = 15A3D87E1682F7B3002FB0C5 /* cocos2dx.xcodeproj */;
			proxyType = 2;
			remoteGlobalIDString = 1551A33F158F2AB200E66CFE;
			remoteInfo = cocos2dx;
		};
		15A3DA681682F881002FB0C5 /* PBXContainerItemProxy */ = {
			isa = PBXContainerItemProxy;
			containerPortal = 15A3D87E1682F7B3002FB0C5 /* cocos2dx.xcodeproj */;
			proxyType = 1;
			remoteGlobalIDString = 1551A33E158F2AB200E66CFE;
			remoteInfo = cocos2dx;
		};
/* End PBXContainerItemProxy section */

/* Begin PBXFileReference section */
		15A3D87E1682F7B3002FB0C5 /* cocos2dx.xcodeproj */ = {isa = PBXFileReference; lastKnownFileType = "wrapper.pb-project"; name = cocos2dx.xcodeproj; path = ../../../cocos2dx/proj.ios/cocos2dx.xcodeproj; sourceTree = "<group>"; };
		15A3D8891682F7D5002FB0C5 /* Box2D.h */ = {isa = PBXFileReference; fileEncoding = 4; lastKnownFileType = sourcecode.c.h; path = Box2D.h; sourceTree = "<group>"; };
		15A3D88B1682F7D5002FB0C5 /* b2BroadPhase.cpp */ = {isa = PBXFileReference; fileEncoding = 4; lastKnownFileType = sourcecode.cpp.cpp; path = b2BroadPhase.cpp; sourceTree = "<group>"; };
		15A3D88C1682F7D5002FB0C5 /* b2BroadPhase.h */ = {isa = PBXFileReference; fileEncoding = 4; lastKnownFileType = sourcecode.c.h; path = b2BroadPhase.h; sourceTree = "<group>"; };
		15A3D88D1682F7D5002FB0C5 /* b2CollideCircle.cpp */ = {isa = PBXFileReference; fileEncoding = 4; lastKnownFileType = sourcecode.cpp.cpp; path = b2CollideCircle.cpp; sourceTree = "<group>"; };
		15A3D88E1682F7D5002FB0C5 /* b2CollideEdge.cpp */ = {isa = PBXFileReference; fileEncoding = 4; lastKnownFileType = sourcecode.cpp.cpp; path = b2CollideEdge.cpp; sourceTree = "<group>"; };
		15A3D88F1682F7D5002FB0C5 /* b2CollidePolygon.cpp */ = {isa = PBXFileReference; fileEncoding = 4; lastKnownFileType = sourcecode.cpp.cpp; path = b2CollidePolygon.cpp; sourceTree = "<group>"; };
		15A3D8901682F7D5002FB0C5 /* b2Collision.cpp */ = {isa = PBXFileReference; fileEncoding = 4; lastKnownFileType = sourcecode.cpp.cpp; path = b2Collision.cpp; sourceTree = "<group>"; };
		15A3D8911682F7D5002FB0C5 /* b2Collision.h */ = {isa = PBXFileReference; fileEncoding = 4; lastKnownFileType = sourcecode.c.h; path = b2Collision.h; sourceTree = "<group>"; };
		15A3D8921682F7D5002FB0C5 /* b2Distance.cpp */ = {isa = PBXFileReference; fileEncoding = 4; lastKnownFileType = sourcecode.cpp.cpp; path = b2Distance.cpp; sourceTree = "<group>"; };
		15A3D8931682F7D5002FB0C5 /* b2Distance.h */ = {isa = PBXFileReference; fileEncoding = 4; lastKnownFileType = sourcecode.c.h; path = b2Distance.h; sourceTree = "<group>"; };
		15A3D8941682F7D5002FB0C5 /* b2DynamicTree.cpp */ = {isa = PBXFileReference; fileEncoding = 4; lastKnownFileType = sourcecode.cpp.cpp; path = b2DynamicTree.cpp; sourceTree = "<group>"; };
		15A3D8951682F7D5002FB0C5 /* b2DynamicTree.h */ = {isa = PBXFileReference; fileEncoding = 4; lastKnownFileType = sourcecode.c.h; path = b2DynamicTree.h; sourceTree = "<group>"; };
		15A3D8961682F7D5002FB0C5 /* b2TimeOfImpact.cpp */ = {isa = PBXFileReference; fileEncoding = 4; lastKnownFileType = sourcecode.cpp.cpp; path = b2TimeOfImpact.cpp; sourceTree = "<group>"; };
		15A3D8971682F7D5002FB0C5 /* b2TimeOfImpact.h */ = {isa = PBXFileReference; fileEncoding = 4; lastKnownFileType = sourcecode.c.h; path = b2TimeOfImpact.h; sourceTree = "<group>"; };
		15A3D8991682F7D5002FB0C5 /* b2ChainShape.cpp */ = {isa = PBXFileReference; fileEncoding = 4; lastKnownFileType = sourcecode.cpp.cpp; path = b2ChainShape.cpp; sourceTree = "<group>"; };
		15A3D89A1682F7D5002FB0C5 /* b2ChainShape.h */ = {isa = PBXFileReference; fileEncoding = 4; lastKnownFileType = sourcecode.c.h; path = b2ChainShape.h; sourceTree = "<group>"; };
		15A3D89B1682F7D5002FB0C5 /* b2CircleShape.cpp */ = {isa = PBXFileReference; fileEncoding = 4; lastKnownFileType = sourcecode.cpp.cpp; path = b2CircleShape.cpp; sourceTree = "<group>"; };
		15A3D89C1682F7D5002FB0C5 /* b2CircleShape.h */ = {isa = PBXFileReference; fileEncoding = 4; lastKnownFileType = sourcecode.c.h; path = b2CircleShape.h; sourceTree = "<group>"; };
		15A3D89D1682F7D5002FB0C5 /* b2EdgeShape.cpp */ = {isa = PBXFileReference; fileEncoding = 4; lastKnownFileType = sourcecode.cpp.cpp; path = b2EdgeShape.cpp; sourceTree = "<group>"; };
		15A3D89E1682F7D5002FB0C5 /* b2EdgeShape.h */ = {isa = PBXFileReference; fileEncoding = 4; lastKnownFileType = sourcecode.c.h; path = b2EdgeShape.h; sourceTree = "<group>"; };
		15A3D89F1682F7D5002FB0C5 /* b2PolygonShape.cpp */ = {isa = PBXFileReference; fileEncoding = 4; lastKnownFileType = sourcecode.cpp.cpp; path = b2PolygonShape.cpp; sourceTree = "<group>"; };
		15A3D8A01682F7D5002FB0C5 /* b2PolygonShape.h */ = {isa = PBXFileReference; fileEncoding = 4; lastKnownFileType = sourcecode.c.h; path = b2PolygonShape.h; sourceTree = "<group>"; };
		15A3D8A11682F7D5002FB0C5 /* b2Shape.h */ = {isa = PBXFileReference; fileEncoding = 4; lastKnownFileType = sourcecode.c.h; path = b2Shape.h; sourceTree = "<group>"; };
		15A3D8A31682F7D5002FB0C5 /* b2BlockAllocator.cpp */ = {isa = PBXFileReference; fileEncoding = 4; lastKnownFileType = sourcecode.cpp.cpp; path = b2BlockAllocator.cpp; sourceTree = "<group>"; };
		15A3D8A41682F7D5002FB0C5 /* b2BlockAllocator.h */ = {isa = PBXFileReference; fileEncoding = 4; lastKnownFileType = sourcecode.c.h; path = b2BlockAllocator.h; sourceTree = "<group>"; };
		15A3D8A51682F7D5002FB0C5 /* b2Draw.cpp */ = {isa = PBXFileReference; fileEncoding = 4; lastKnownFileType = sourcecode.cpp.cpp; path = b2Draw.cpp; sourceTree = "<group>"; };
		15A3D8A61682F7D5002FB0C5 /* b2Draw.h */ = {isa = PBXFileReference; fileEncoding = 4; lastKnownFileType = sourcecode.c.h; path = b2Draw.h; sourceTree = "<group>"; };
		15A3D8A71682F7D5002FB0C5 /* b2GrowableStack.h */ = {isa = PBXFileReference; fileEncoding = 4; lastKnownFileType = sourcecode.c.h; path = b2GrowableStack.h; sourceTree = "<group>"; };
		15A3D8A81682F7D5002FB0C5 /* b2Math.cpp */ = {isa = PBXFileReference; fileEncoding = 4; lastKnownFileType = sourcecode.cpp.cpp; path = b2Math.cpp; sourceTree = "<group>"; };
		15A3D8A91682F7D5002FB0C5 /* b2Math.h */ = {isa = PBXFileReference; fileEncoding = 4; lastKnownFileType = sourcecode.c.h; path = b2Math.h; sourceTree = "<group>"; };
		15A3D8AA1682F7D5002FB0C5 /* b2Settings.cpp */ = {isa = PBXFileReference; fileEncoding = 4; lastKnownFileType = sourcecode.cpp.cpp; path = b2Settings.cpp; sourceTree = "<group>"; };
		15A3D8AB1682F7D5002FB0C5 /* b2Settings.h */ = {isa = PBXFileReference; fileEncoding = 4; lastKnownFileType = sourcecode.c.h; path = b2Settings.h; sourceTree = "<group>"; };
		15A3D8AC1682F7D5002FB0C5 /* b2StackAllocator.cpp */ = {isa = PBXFileReference; fileEncoding = 4; lastKnownFileType = sourcecode.cpp.cpp; path = b2StackAllocator.cpp; sourceTree = "<group>"; };
		15A3D8AD1682F7D5002FB0C5 /* b2StackAllocator.h */ = {isa = PBXFileReference; fileEncoding = 4; lastKnownFileType = sourcecode.c.h; path = b2StackAllocator.h; sourceTree = "<group>"; };
		15A3D8AE1682F7D5002FB0C5 /* b2Timer.cpp */ = {isa = PBXFileReference; fileEncoding = 4; lastKnownFileType = sourcecode.cpp.cpp; path = b2Timer.cpp; sourceTree = "<group>"; };
		15A3D8AF1682F7D5002FB0C5 /* b2Timer.h */ = {isa = PBXFileReference; fileEncoding = 4; lastKnownFileType = sourcecode.c.h; path = b2Timer.h; sourceTree = "<group>"; };
		15A3D8B11682F7D5002FB0C5 /* b2Body.cpp */ = {isa = PBXFileReference; fileEncoding = 4; lastKnownFileType = sourcecode.cpp.cpp; path = b2Body.cpp; sourceTree = "<group>"; };
		15A3D8B21682F7D5002FB0C5 /* b2Body.h */ = {isa = PBXFileReference; fileEncoding = 4; lastKnownFileType = sourcecode.c.h; path = b2Body.h; sourceTree = "<group>"; };
		15A3D8B31682F7D5002FB0C5 /* b2ContactManager.cpp */ = {isa = PBXFileReference; fileEncoding = 4; lastKnownFileType = sourcecode.cpp.cpp; path = b2ContactManager.cpp; sourceTree = "<group>"; };
		15A3D8B41682F7D5002FB0C5 /* b2ContactManager.h */ = {isa = PBXFileReference; fileEncoding = 4; lastKnownFileType = sourcecode.c.h; path = b2ContactManager.h; sourceTree = "<group>"; };
		15A3D8B51682F7D5002FB0C5 /* b2Fixture.cpp */ = {isa = PBXFileReference; fileEncoding = 4; lastKnownFileType = sourcecode.cpp.cpp; path = b2Fixture.cpp; sourceTree = "<group>"; };
		15A3D8B61682F7D5002FB0C5 /* b2Fixture.h */ = {isa = PBXFileReference; fileEncoding = 4; lastKnownFileType = sourcecode.c.h; path = b2Fixture.h; sourceTree = "<group>"; };
		15A3D8B71682F7D5002FB0C5 /* b2Island.cpp */ = {isa = PBXFileReference; fileEncoding = 4; lastKnownFileType = sourcecode.cpp.cpp; path = b2Island.cpp; sourceTree = "<group>"; };
		15A3D8B81682F7D5002FB0C5 /* b2Island.h */ = {isa = PBXFileReference; fileEncoding = 4; lastKnownFileType = sourcecode.c.h; path = b2Island.h; sourceTree = "<group>"; };
		15A3D8B91682F7D5002FB0C5 /* b2TimeStep.h */ = {isa = PBXFileReference; fileEncoding = 4; lastKnownFileType = sourcecode.c.h; path = b2TimeStep.h; sourceTree = "<group>"; };
		15A3D8BA1682F7D5002FB0C5 /* b2World.cpp */ = {isa = PBXFileReference; fileEncoding = 4; lastKnownFileType = sourcecode.cpp.cpp; path = b2World.cpp; sourceTree = "<group>"; };
		15A3D8BB1682F7D5002FB0C5 /* b2World.h */ = {isa = PBXFileReference; fileEncoding = 4; lastKnownFileType = sourcecode.c.h; path = b2World.h; sourceTree = "<group>"; };
		15A3D8BC1682F7D5002FB0C5 /* b2WorldCallbacks.cpp */ = {isa = PBXFileReference; fileEncoding = 4; lastKnownFileType = sourcecode.cpp.cpp; path = b2WorldCallbacks.cpp; sourceTree = "<group>"; };
		15A3D8BD1682F7D5002FB0C5 /* b2WorldCallbacks.h */ = {isa = PBXFileReference; fileEncoding = 4; lastKnownFileType = sourcecode.c.h; path = b2WorldCallbacks.h; sourceTree = "<group>"; };
		15A3D8BF1682F7D5002FB0C5 /* b2ChainAndCircleContact.cpp */ = {isa = PBXFileReference; fileEncoding = 4; lastKnownFileType = sourcecode.cpp.cpp; path = b2ChainAndCircleContact.cpp; sourceTree = "<group>"; };
		15A3D8C01682F7D5002FB0C5 /* b2ChainAndCircleContact.h */ = {isa = PBXFileReference; fileEncoding = 4; lastKnownFileType = sourcecode.c.h; path = b2ChainAndCircleContact.h; sourceTree = "<group>"; };
		15A3D8C11682F7D5002FB0C5 /* b2ChainAndPolygonContact.cpp */ = {isa = PBXFileReference; fileEncoding = 4; lastKnownFileType = sourcecode.cpp.cpp; path = b2ChainAndPolygonContact.cpp; sourceTree = "<group>"; };
		15A3D8C21682F7D5002FB0C5 /* b2ChainAndPolygonContact.h */ = {isa = PBXFileReference; fileEncoding = 4; lastKnownFileType = sourcecode.c.h; path = b2ChainAndPolygonContact.h; sourceTree = "<group>"; };
		15A3D8C31682F7D5002FB0C5 /* b2CircleContact.cpp */ = {isa = PBXFileReference; fileEncoding = 4; lastKnownFileType = sourcecode.cpp.cpp; path = b2CircleContact.cpp; sourceTree = "<group>"; };
		15A3D8C41682F7D5002FB0C5 /* b2CircleContact.h */ = {isa = PBXFileReference; fileEncoding = 4; lastKnownFileType = sourcecode.c.h; path = b2CircleContact.h; sourceTree = "<group>"; };
		15A3D8C51682F7D5002FB0C5 /* b2Contact.cpp */ = {isa = PBXFileReference; fileEncoding = 4; lastKnownFileType = sourcecode.cpp.cpp; path = b2Contact.cpp; sourceTree = "<group>"; };
		15A3D8C61682F7D5002FB0C5 /* b2Contact.h */ = {isa = PBXFileReference; fileEncoding = 4; lastKnownFileType = sourcecode.c.h; path = b2Contact.h; sourceTree = "<group>"; };
		15A3D8C71682F7D5002FB0C5 /* b2ContactSolver.cpp */ = {isa = PBXFileReference; fileEncoding = 4; lastKnownFileType = sourcecode.cpp.cpp; path = b2ContactSolver.cpp; sourceTree = "<group>"; };
		15A3D8C81682F7D5002FB0C5 /* b2ContactSolver.h */ = {isa = PBXFileReference; fileEncoding = 4; lastKnownFileType = sourcecode.c.h; path = b2ContactSolver.h; sourceTree = "<group>"; };
		15A3D8C91682F7D5002FB0C5 /* b2EdgeAndCircleContact.cpp */ = {isa = PBXFileReference; fileEncoding = 4; lastKnownFileType = sourcecode.cpp.cpp; path = b2EdgeAndCircleContact.cpp; sourceTree = "<group>"; };
		15A3D8CA1682F7D5002FB0C5 /* b2EdgeAndCircleContact.h */ = {isa = PBXFileReference; fileEncoding = 4; lastKnownFileType = sourcecode.c.h; path = b2EdgeAndCircleContact.h; sourceTree = "<group>"; };
		15A3D8CB1682F7D5002FB0C5 /* b2EdgeAndPolygonContact.cpp */ = {isa = PBXFileReference; fileEncoding = 4; lastKnownFileType = sourcecode.cpp.cpp; path = b2EdgeAndPolygonContact.cpp; sourceTree = "<group>"; };
		15A3D8CC1682F7D5002FB0C5 /* b2EdgeAndPolygonContact.h */ = {isa = PBXFileReference; fileEncoding = 4; lastKnownFileType = sourcecode.c.h; path = b2EdgeAndPolygonContact.h; sourceTree = "<group>"; };
		15A3D8CD1682F7D5002FB0C5 /* b2PolygonAndCircleContact.cpp */ = {isa = PBXFileReference; fileEncoding = 4; lastKnownFileType = sourcecode.cpp.cpp; path = b2PolygonAndCircleContact.cpp; sourceTree = "<group>"; };
		15A3D8CE1682F7D5002FB0C5 /* b2PolygonAndCircleContact.h */ = {isa = PBXFileReference; fileEncoding = 4; lastKnownFileType = sourcecode.c.h; path = b2PolygonAndCircleContact.h; sourceTree = "<group>"; };
		15A3D8CF1682F7D5002FB0C5 /* b2PolygonContact.cpp */ = {isa = PBXFileReference; fileEncoding = 4; lastKnownFileType = sourcecode.cpp.cpp; path = b2PolygonContact.cpp; sourceTree = "<group>"; };
		15A3D8D01682F7D5002FB0C5 /* b2PolygonContact.h */ = {isa = PBXFileReference; fileEncoding = 4; lastKnownFileType = sourcecode.c.h; path = b2PolygonContact.h; sourceTree = "<group>"; };
		15A3D8D21682F7D5002FB0C5 /* b2DistanceJoint.cpp */ = {isa = PBXFileReference; fileEncoding = 4; lastKnownFileType = sourcecode.cpp.cpp; path = b2DistanceJoint.cpp; sourceTree = "<group>"; };
		15A3D8D31682F7D5002FB0C5 /* b2DistanceJoint.h */ = {isa = PBXFileReference; fileEncoding = 4; lastKnownFileType = sourcecode.c.h; path = b2DistanceJoint.h; sourceTree = "<group>"; };
		15A3D8D41682F7D5002FB0C5 /* b2FrictionJoint.cpp */ = {isa = PBXFileReference; fileEncoding = 4; lastKnownFileType = sourcecode.cpp.cpp; path = b2FrictionJoint.cpp; sourceTree = "<group>"; };
		15A3D8D51682F7D5002FB0C5 /* b2FrictionJoint.h */ = {isa = PBXFileReference; fileEncoding = 4; lastKnownFileType = sourcecode.c.h; path = b2FrictionJoint.h; sourceTree = "<group>"; };
		15A3D8D61682F7D5002FB0C5 /* b2GearJoint.cpp */ = {isa = PBXFileReference; fileEncoding = 4; lastKnownFileType = sourcecode.cpp.cpp; path = b2GearJoint.cpp; sourceTree = "<group>"; };
		15A3D8D71682F7D5002FB0C5 /* b2GearJoint.h */ = {isa = PBXFileReference; fileEncoding = 4; lastKnownFileType = sourcecode.c.h; path = b2GearJoint.h; sourceTree = "<group>"; };
		15A3D8D81682F7D5002FB0C5 /* b2Joint.cpp */ = {isa = PBXFileReference; fileEncoding = 4; lastKnownFileType = sourcecode.cpp.cpp; path = b2Joint.cpp; sourceTree = "<group>"; };
		15A3D8D91682F7D5002FB0C5 /* b2Joint.h */ = {isa = PBXFileReference; fileEncoding = 4; lastKnownFileType = sourcecode.c.h; path = b2Joint.h; sourceTree = "<group>"; };
		15A3D8DA1682F7D5002FB0C5 /* b2MouseJoint.cpp */ = {isa = PBXFileReference; fileEncoding = 4; lastKnownFileType = sourcecode.cpp.cpp; path = b2MouseJoint.cpp; sourceTree = "<group>"; };
		15A3D8DB1682F7D5002FB0C5 /* b2MouseJoint.h */ = {isa = PBXFileReference; fileEncoding = 4; lastKnownFileType = sourcecode.c.h; path = b2MouseJoint.h; sourceTree = "<group>"; };
		15A3D8DC1682F7D5002FB0C5 /* b2PrismaticJoint.cpp */ = {isa = PBXFileReference; fileEncoding = 4; lastKnownFileType = sourcecode.cpp.cpp; path = b2PrismaticJoint.cpp; sourceTree = "<group>"; };
		15A3D8DD1682F7D5002FB0C5 /* b2PrismaticJoint.h */ = {isa = PBXFileReference; fileEncoding = 4; lastKnownFileType = sourcecode.c.h; path = b2PrismaticJoint.h; sourceTree = "<group>"; };
		15A3D8DE1682F7D5002FB0C5 /* b2PulleyJoint.cpp */ = {isa = PBXFileReference; fileEncoding = 4; lastKnownFileType = sourcecode.cpp.cpp; path = b2PulleyJoint.cpp; sourceTree = "<group>"; };
		15A3D8DF1682F7D5002FB0C5 /* b2PulleyJoint.h */ = {isa = PBXFileReference; fileEncoding = 4; lastKnownFileType = sourcecode.c.h; path = b2PulleyJoint.h; sourceTree = "<group>"; };
		15A3D8E01682F7D5002FB0C5 /* b2RevoluteJoint.cpp */ = {isa = PBXFileReference; fileEncoding = 4; lastKnownFileType = sourcecode.cpp.cpp; path = b2RevoluteJoint.cpp; sourceTree = "<group>"; };
		15A3D8E11682F7D5002FB0C5 /* b2RevoluteJoint.h */ = {isa = PBXFileReference; fileEncoding = 4; lastKnownFileType = sourcecode.c.h; path = b2RevoluteJoint.h; sourceTree = "<group>"; };
		15A3D8E21682F7D5002FB0C5 /* b2RopeJoint.cpp */ = {isa = PBXFileReference; fileEncoding = 4; lastKnownFileType = sourcecode.cpp.cpp; path = b2RopeJoint.cpp; sourceTree = "<group>"; };
		15A3D8E31682F7D5002FB0C5 /* b2RopeJoint.h */ = {isa = PBXFileReference; fileEncoding = 4; lastKnownFileType = sourcecode.c.h; path = b2RopeJoint.h; sourceTree = "<group>"; };
		15A3D8E41682F7D5002FB0C5 /* b2WeldJoint.cpp */ = {isa = PBXFileReference; fileEncoding = 4; lastKnownFileType = sourcecode.cpp.cpp; path = b2WeldJoint.cpp; sourceTree = "<group>"; };
		15A3D8E51682F7D5002FB0C5 /* b2WeldJoint.h */ = {isa = PBXFileReference; fileEncoding = 4; lastKnownFileType = sourcecode.c.h; path = b2WeldJoint.h; sourceTree = "<group>"; };
		15A3D8E61682F7D5002FB0C5 /* b2WheelJoint.cpp */ = {isa = PBXFileReference; fileEncoding = 4; lastKnownFileType = sourcecode.cpp.cpp; path = b2WheelJoint.cpp; sourceTree = "<group>"; };
		15A3D8E71682F7D5002FB0C5 /* b2WheelJoint.h */ = {isa = PBXFileReference; fileEncoding = 4; lastKnownFileType = sourcecode.c.h; path = b2WheelJoint.h; sourceTree = "<group>"; };
		15A3D8FC1682F7D5002FB0C5 /* b2Rope.cpp */ = {isa = PBXFileReference; fileEncoding = 4; lastKnownFileType = sourcecode.cpp.cpp; path = b2Rope.cpp; sourceTree = "<group>"; };
		15A3D8FD1682F7D5002FB0C5 /* b2Rope.h */ = {isa = PBXFileReference; fileEncoding = 4; lastKnownFileType = sourcecode.c.h; path = b2Rope.h; sourceTree = "<group>"; };
		15A3DA821682F8A6002FB0C5 /* Export.h */ = {isa = PBXFileReference; fileEncoding = 4; lastKnownFileType = sourcecode.c.h; path = Export.h; sourceTree = "<group>"; };
		15A3DA831682F8A6002FB0C5 /* SimpleAudioEngine.h */ = {isa = PBXFileReference; fileEncoding = 4; lastKnownFileType = sourcecode.c.h; path = SimpleAudioEngine.h; sourceTree = "<group>"; };
		15A3DA851682F8A6002FB0C5 /* CDAudioManager.h */ = {isa = PBXFileReference; fileEncoding = 4; lastKnownFileType = sourcecode.c.h; path = CDAudioManager.h; sourceTree = "<group>"; };
		15A3DA861682F8A6002FB0C5 /* CDAudioManager.m */ = {isa = PBXFileReference; fileEncoding = 4; lastKnownFileType = sourcecode.c.objc; path = CDAudioManager.m; sourceTree = "<group>"; };
		15A3DA871682F8A6002FB0C5 /* CDConfig.h */ = {isa = PBXFileReference; fileEncoding = 4; lastKnownFileType = sourcecode.c.h; path = CDConfig.h; sourceTree = "<group>"; };
		15A3DA881682F8A6002FB0C5 /* CDOpenALSupport.h */ = {isa = PBXFileReference; fileEncoding = 4; lastKnownFileType = sourcecode.c.h; path = CDOpenALSupport.h; sourceTree = "<group>"; };
		15A3DA891682F8A6002FB0C5 /* CDOpenALSupport.m */ = {isa = PBXFileReference; fileEncoding = 4; lastKnownFileType = sourcecode.c.objc; path = CDOpenALSupport.m; sourceTree = "<group>"; };
		15A3DA8A1682F8A6002FB0C5 /* CocosDenshion.h */ = {isa = PBXFileReference; fileEncoding = 4; lastKnownFileType = sourcecode.c.h; path = CocosDenshion.h; sourceTree = "<group>"; };
		15A3DA8B1682F8A6002FB0C5 /* CocosDenshion.m */ = {isa = PBXFileReference; fileEncoding = 4; lastKnownFileType = sourcecode.c.objc; path = CocosDenshion.m; sourceTree = "<group>"; };
		15A3DA8C1682F8A6002FB0C5 /* SimpleAudioEngine.mm */ = {isa = PBXFileReference; fileEncoding = 4; lastKnownFileType = sourcecode.cpp.objcpp; path = SimpleAudioEngine.mm; sourceTree = "<group>"; };
		15A3DA8D1682F8A6002FB0C5 /* SimpleAudioEngine_objc.h */ = {isa = PBXFileReference; fileEncoding = 4; lastKnownFileType = sourcecode.c.h; path = SimpleAudioEngine_objc.h; sourceTree = "<group>"; };
		15A3DA8E1682F8A6002FB0C5 /* SimpleAudioEngine_objc.m */ = {isa = PBXFileReference; fileEncoding = 4; lastKnownFileType = sourcecode.c.objc; path = SimpleAudioEngine_objc.m; sourceTree = "<group>"; };
		1AC3624216D4A1E8000847F2 /* AppController.h */ = {isa = PBXFileReference; fileEncoding = 4; lastKnownFileType = sourcecode.c.h; path = AppController.h; sourceTree = SOURCE_ROOT; };
		1AC3624316D4A1E8000847F2 /* AppController.mm */ = {isa = PBXFileReference; fileEncoding = 4; lastKnownFileType = sourcecode.cpp.objcpp; path = AppController.mm; sourceTree = SOURCE_ROOT; };
		1AC3624516D4A1E8000847F2 /* main.m */ = {isa = PBXFileReference; fileEncoding = 4; lastKnownFileType = sourcecode.c.objc; path = main.m; sourceTree = SOURCE_ROOT; };
		1AC3624616D4A1E8000847F2 /* Prefix.pch */ = {isa = PBXFileReference; fileEncoding = 4; lastKnownFileType = sourcecode.c.h; path = Prefix.pch; sourceTree = SOURCE_ROOT; };
		1ACB3243164770DE00914215 /* libcurl.a */ = {isa = PBXFileReference; lastKnownFileType = archive.ar; name = libcurl.a; path = ../../cocos2dx/platform/third_party/ios/libraries/libcurl.a; sourceTree = "<group>"; };
		1AFAF8B516D35DE700DB1158 /* HelloWorldScene.cpp */ = {isa = PBXFileReference; fileEncoding = 4; lastKnownFileType = sourcecode.cpp.cpp; name = HelloWorldScene.cpp; path = ../Classes/HelloWorldScene.cpp; sourceTree = "<group>"; };
		1AFAF8B616D35DE700DB1158 /* HelloWorldScene.h */ = {isa = PBXFileReference; fileEncoding = 4; lastKnownFileType = sourcecode.c.h; name = HelloWorldScene.h; path = ../Classes/HelloWorldScene.h; sourceTree = "<group>"; };
		1AFCDA8016D4A25900906EA6 /* RootViewController.h */ = {isa = PBXFileReference; fileEncoding = 4; lastKnownFileType = sourcecode.c.h; path = RootViewController.h; sourceTree = SOURCE_ROOT; };
		1AFCDA8116D4A25900906EA6 /* RootViewController.mm */ = {isa = PBXFileReference; fileEncoding = 4; lastKnownFileType = sourcecode.cpp.objcpp; path = RootViewController.mm; sourceTree = SOURCE_ROOT; };
		1D30AB110D05D00D00671497 /* Foundation.framework */ = {isa = PBXFileReference; lastKnownFileType = wrapper.framework; name = Foundation.framework; path = System/Library/Frameworks/Foundation.framework; sourceTree = SDKROOT; };
		1D6058910D05DD3D006BFB54 /* WonkyBird.app */ = {isa = PBXFileReference; explicitFileType = wrapper.application; includeInIndex = 0; path = WonkyBird.app; sourceTree = BUILT_PRODUCTS_DIR; };
		1DF5F4DF0D08C38300B7A737 /* UIKit.framework */ = {isa = PBXFileReference; lastKnownFileType = wrapper.framework; name = UIKit.framework; path = System/Library/Frameworks/UIKit.framework; sourceTree = SDKROOT; };
		288765A40DF7441C002DB57D /* CoreGraphics.framework */ = {isa = PBXFileReference; lastKnownFileType = wrapper.framework; name = CoreGraphics.framework; path = System/Library/Frameworks/CoreGraphics.framework; sourceTree = SDKROOT; };
		326DF4DF18C510FC004E1F4B /* Background@2x.png */ = {isa = PBXFileReference; lastKnownFileType = image.png; path = "Background@2x.png"; sourceTree = "<group>"; };
		326DF4E018C510FC004E1F4B /* Background_Night@2x.png */ = {isa = PBXFileReference; lastKnownFileType = image.png; path = "Background_Night@2x.png"; sourceTree = "<group>"; };
		326DF4E118C510FC004E1F4B /* Background_Toucan@2x.png */ = {isa = PBXFileReference; lastKnownFileType = image.png; path = "Background_Toucan@2x.png"; sourceTree = "<group>"; };
		326DF4E618C51708004E1F4B /* Constants.h */ = {isa = PBXFileReference; lastKnownFileType = sourcecode.c.h; path = Constants.h; sourceTree = "<group>"; };
		326DF4E718C51A98004E1F4B /* AppDelegate.cpp */ = {isa = PBXFileReference; fileEncoding = 4; lastKnownFileType = sourcecode.cpp.cpp; path = AppDelegate.cpp; sourceTree = "<group>"; };
		326DF4E818C51A98004E1F4B /* AppDelegate.h */ = {isa = PBXFileReference; fileEncoding = 4; lastKnownFileType = sourcecode.c.h; path = AppDelegate.h; sourceTree = "<group>"; };
		326DF4EB18C51AA0004E1F4B /* MainScene.cpp */ = {isa = PBXFileReference; fileEncoding = 4; lastKnownFileType = sourcecode.cpp.cpp; path = MainScene.cpp; sourceTree = "<group>"; };
		326DF4EC18C51AA0004E1F4B /* MainScene.h */ = {isa = PBXFileReference; fileEncoding = 4; lastKnownFileType = sourcecode.c.h; path = MainScene.h; sourceTree = "<group>"; };
		326DF4ED18C51AA0004E1F4B /* StaticBackgroundLayer.cpp */ = {isa = PBXFileReference; fileEncoding = 4; lastKnownFileType = sourcecode.cpp.cpp; path = StaticBackgroundLayer.cpp; sourceTree = "<group>"; };
		326DF4EE18C51AA0004E1F4B /* StaticBackgroundLayer.h */ = {isa = PBXFileReference; fileEncoding = 4; lastKnownFileType = sourcecode.c.h; path = StaticBackgroundLayer.h; sourceTree = "<group>"; };
		326DF4F718C51E2E004E1F4B /* ScrollingBackgroundLayer.cpp */ = {isa = PBXFileReference; fileEncoding = 4; lastKnownFileType = sourcecode.cpp.cpp; path = ScrollingBackgroundLayer.cpp; sourceTree = "<group>"; };
		326DF4F818C51E2E004E1F4B /* ScrollingBackgroundLayer.h */ = {isa = PBXFileReference; fileEncoding = 4; lastKnownFileType = sourcecode.c.h; path = ScrollingBackgroundLayer.h; sourceTree = "<group>"; };
		326DF4FA18C51EAB004E1F4B /* GameplayLayer.cpp */ = {isa = PBXFileReference; fileEncoding = 4; lastKnownFileType = sourcecode.cpp.cpp; path = GameplayLayer.cpp; sourceTree = "<group>"; };
		326DF4FB18C51EAB004E1F4B /* GameplayLayer.h */ = {isa = PBXFileReference; fileEncoding = 4; lastKnownFileType = sourcecode.c.h; path = GameplayLayer.h; sourceTree = "<group>"; };
		326DF4FD18C51EB6004E1F4B /* HUDLayer.cpp */ = {isa = PBXFileReference; fileEncoding = 4; lastKnownFileType = sourcecode.cpp.cpp; path = HUDLayer.cpp; sourceTree = "<group>"; };
		326DF4FE18C51EB6004E1F4B /* HUDLayer.h */ = {isa = PBXFileReference; fileEncoding = 4; lastKnownFileType = sourcecode.c.h; path = HUDLayer.h; sourceTree = "<group>"; };
		326DF50118C51FDA004E1F4B /* GameLayer.cpp */ = {isa = PBXFileReference; fileEncoding = 4; lastKnownFileType = sourcecode.cpp.cpp; path = GameLayer.cpp; sourceTree = "<group>"; };
		326DF50218C51FDA004E1F4B /* GameLayer.h */ = {isa = PBXFileReference; fileEncoding = 4; lastKnownFileType = sourcecode.c.h; path = GameLayer.h; sourceTree = "<group>"; };
		326DF50518C521B2004E1F4B /* Font_Score_Large.fnt */ = {isa = PBXFileReference; fileEncoding = 4; lastKnownFileType = text; path = Font_Score_Large.fnt; sourceTree = "<group>"; };
		326DF50618C521B2004E1F4B /* Font_Score_Large.GlyphProject */ = {isa = PBXFileReference; lastKnownFileType = file.bplist; path = Font_Score_Large.GlyphProject; sourceTree = "<group>"; };
		326DF50718C521B2004E1F4B /* Font_Score_Large.png */ = {isa = PBXFileReference; lastKnownFileType = image.png; path = Font_Score_Large.png; sourceTree = "<group>"; };
		326DF50818C521B2004E1F4B /* Font_Score_Small.fnt */ = {isa = PBXFileReference; fileEncoding = 4; lastKnownFileType = text; path = Font_Score_Small.fnt; sourceTree = "<group>"; };
		326DF50918C521B2004E1F4B /* Font_Score_Small.GlyphProject */ = {isa = PBXFileReference; lastKnownFileType = file.bplist; path = Font_Score_Small.GlyphProject; sourceTree = "<group>"; };
		326DF50A18C521B2004E1F4B /* Font_Score_Small.png */ = {isa = PBXFileReference; lastKnownFileType = image.png; path = Font_Score_Small.png; sourceTree = "<group>"; };
		326DF50C18C521B2004E1F4B /* AppIcon29x29@2x.png */ = {isa = PBXFileReference; lastKnownFileType = image.png; path = "AppIcon29x29@2x.png"; sourceTree = "<group>"; };
		326DF50D18C521B2004E1F4B /* AppIcon40x40@2x.png */ = {isa = PBXFileReference; lastKnownFileType = image.png; path = "AppIcon40x40@2x.png"; sourceTree = "<group>"; };
		326DF50E18C521B2004E1F4B /* AppIcon60x60@2x.png */ = {isa = PBXFileReference; lastKnownFileType = image.png; path = "AppIcon60x60@2x.png"; sourceTree = "<group>"; };
		326DF50F18C521B2004E1F4B /* AppIcon76x76@2x.png */ = {isa = PBXFileReference; lastKnownFileType = image.png; path = "AppIcon76x76@2x.png"; sourceTree = "<group>"; };
		326DF51118C521B2004E1F4B /* ShapeDefs.pes */ = {isa = PBXFileReference; lastKnownFileType = file; path = ShapeDefs.pes; sourceTree = "<group>"; };
		326DF51218C521B2004E1F4B /* ShapeDefs.plist */ = {isa = PBXFileReference; fileEncoding = 4; lastKnownFileType = text.plist.xml; path = ShapeDefs.plist; sourceTree = "<group>"; };
		326DF51418C521B2004E1F4B /* Perc_2.wav */ = {isa = PBXFileReference; lastKnownFileType = audio.wav; path = Perc_2.wav; sourceTree = "<group>"; };
		326DF51518C521B2004E1F4B /* Return_to_Earth.mp3 */ = {isa = PBXFileReference; lastKnownFileType = audio.mp3; path = Return_to_Earth.mp3; sourceTree = "<group>"; };
		326DF51618C521B2004E1F4B /* Shaker_2.wav */ = {isa = PBXFileReference; lastKnownFileType = audio.wav; path = Shaker_2.wav; sourceTree = "<group>"; };
		326DF51818C521B2004E1F4B /* Default-568h@2x.png */ = {isa = PBXFileReference; lastKnownFileType = image.png; path = "Default-568h@2x.png"; sourceTree = "<group>"; };
		326DF51918C521B2004E1F4B /* Default@2x.png */ = {isa = PBXFileReference; lastKnownFileType = image.png; path = "Default@2x.png"; sourceTree = "<group>"; };
		326DF51B18C521B2004E1F4B /* Clouds.tps */ = {isa = PBXFileReference; fileEncoding = 4; lastKnownFileType = text.xml; path = Clouds.tps; sourceTree = "<group>"; };
		326DF51C18C521B2004E1F4B /* Clouds@2x.plist */ = {isa = PBXFileReference; fileEncoding = 4; lastKnownFileType = text.plist.xml; path = "Clouds@2x.plist"; sourceTree = "<group>"; };
		326DF51D18C521B2004E1F4B /* Clouds@2x.png */ = {isa = PBXFileReference; lastKnownFileType = image.png; path = "Clouds@2x.png"; sourceTree = "<group>"; };
		326DF51E18C521B2004E1F4B /* HUD.tps */ = {isa = PBXFileReference; fileEncoding = 4; lastKnownFileType = text.xml; path = HUD.tps; sourceTree = "<group>"; };
		326DF51F18C521B2004E1F4B /* HUD@2x.plist */ = {isa = PBXFileReference; fileEncoding = 4; lastKnownFileType = text.plist.xml; path = "HUD@2x.plist"; sourceTree = "<group>"; };
		326DF52018C521B2004E1F4B /* HUD@2x.png */ = {isa = PBXFileReference; lastKnownFileType = image.png; path = "HUD@2x.png"; sourceTree = "<group>"; };
		326DF52118C521B2004E1F4B /* Pipe.plist */ = {isa = PBXFileReference; fileEncoding = 4; lastKnownFileType = text.plist.xml; path = Pipe.plist; sourceTree = "<group>"; };
		326DF52218C521B2004E1F4B /* Textures.tps */ = {isa = PBXFileReference; fileEncoding = 4; lastKnownFileType = text.xml; path = Textures.tps; sourceTree = "<group>"; };
		326DF52318C521B2004E1F4B /* Textures@2x.plist */ = {isa = PBXFileReference; fileEncoding = 4; lastKnownFileType = text.plist.xml; path = "Textures@2x.plist"; sourceTree = "<group>"; };
		326DF52418C521B2004E1F4B /* Textures@2x.png */ = {isa = PBXFileReference; lastKnownFileType = image.png; path = "Textures@2x.png"; sourceTree = "<group>"; };
		326DF52618C521B2004E1F4B /* Grass.png */ = {isa = PBXFileReference; lastKnownFileType = image.png; path = Grass.png; sourceTree = "<group>"; };
		326DF52718C521B2004E1F4B /* Grass.tmx */ = {isa = PBXFileReference; fileEncoding = 4; lastKnownFileType = text.xml; path = Grass.tmx; sourceTree = "<group>"; };
		326DF52818C521B2004E1F4B /* Pipe.ai */ = {isa = PBXFileReference; fileEncoding = 4; lastKnownFileType = text; path = Pipe.ai; sourceTree = "<group>"; };
		326DF52918C521B2004E1F4B /* Pipe.png */ = {isa = PBXFileReference; lastKnownFileType = image.png; path = Pipe.png; sourceTree = "<group>"; };
		326DF52A18C521B2004E1F4B /* Pipe.tmx */ = {isa = PBXFileReference; fileEncoding = 4; lastKnownFileType = text.xml; path = Pipe.tmx; sourceTree = "<group>"; };
		326DF54C18C52604004E1F4B /* GameSprite.cpp */ = {isa = PBXFileReference; fileEncoding = 4; lastKnownFileType = sourcecode.cpp.cpp; path = GameSprite.cpp; sourceTree = "<group>"; };
		326DF54D18C52604004E1F4B /* GameSprite.h */ = {isa = PBXFileReference; fileEncoding = 4; lastKnownFileType = sourcecode.c.h; path = GameSprite.h; sourceTree = "<group>"; };
		326DF54F18C52629004E1F4B /* Bird.cpp */ = {isa = PBXFileReference; fileEncoding = 4; lastKnownFileType = sourcecode.cpp.cpp; path = Bird.cpp; sourceTree = "<group>"; };
		326DF55018C52629004E1F4B /* Bird.h */ = {isa = PBXFileReference; fileEncoding = 4; lastKnownFileType = sourcecode.c.h; path = Bird.h; sourceTree = "<group>"; };
		326DF55218C52647004E1F4B /* Toucan.cpp */ = {isa = PBXFileReference; fileEncoding = 4; lastKnownFileType = sourcecode.cpp.cpp; path = Toucan.cpp; sourceTree = "<group>"; };
		326DF55318C52647004E1F4B /* Toucan.h */ = {isa = PBXFileReference; fileEncoding = 4; lastKnownFileType = sourcecode.c.h; path = Toucan.h; sourceTree = "<group>"; };
		326DF55518C52667004E1F4B /* Pigeon.cpp */ = {isa = PBXFileReference; fileEncoding = 4; lastKnownFileType = sourcecode.cpp.cpp; path = Pigeon.cpp; sourceTree = "<group>"; };
		326DF55618C52667004E1F4B /* Pigeon.h */ = {isa = PBXFileReference; fileEncoding = 4; lastKnownFileType = sourcecode.c.h; path = Pigeon.h; sourceTree = "<group>"; };
		326DF55B18C5271E004E1F4B /* GameManager.cpp */ = {isa = PBXFileReference; fileEncoding = 4; lastKnownFileType = sourcecode.cpp.cpp; path = GameManager.cpp; sourceTree = "<group>"; };
		326DF55C18C5271E004E1F4B /* GameManager.h */ = {isa = PBXFileReference; fileEncoding = 4; lastKnownFileType = sourcecode.c.h; path = GameManager.h; sourceTree = "<group>"; };
		326DF55E18C5276B004E1F4B /* Box2DLayer.cpp */ = {isa = PBXFileReference; fileEncoding = 4; lastKnownFileType = sourcecode.cpp.cpp; path = Box2DLayer.cpp; sourceTree = "<group>"; };
		326DF55F18C5276B004E1F4B /* Box2DLayer.h */ = {isa = PBXFileReference; fileEncoding = 4; lastKnownFileType = sourcecode.c.h; path = Box2DLayer.h; sourceTree = "<group>"; };
		BF170DB012928DE900B8313A /* OpenGLES.framework */ = {isa = PBXFileReference; lastKnownFileType = wrapper.framework; name = OpenGLES.framework; path = System/Library/Frameworks/OpenGLES.framework; sourceTree = SDKROOT; };
		BF170DB212928DE900B8313A /* libxml2.dylib */ = {isa = PBXFileReference; lastKnownFileType = "compiled.mach-o.dylib"; name = libxml2.dylib; path = usr/lib/libxml2.dylib; sourceTree = SDKROOT; };
		BF170DB412928DE900B8313A /* libz.dylib */ = {isa = PBXFileReference; lastKnownFileType = "compiled.mach-o.dylib"; name = libz.dylib; path = usr/lib/libz.dylib; sourceTree = SDKROOT; };
		BF1C47EA1293683800B63C5D /* QuartzCore.framework */ = {isa = PBXFileReference; lastKnownFileType = wrapper.framework; name = QuartzCore.framework; path = System/Library/Frameworks/QuartzCore.framework; sourceTree = SDKROOT; };
		D44C620B132DFF330009C878 /* OpenAL.framework */ = {isa = PBXFileReference; lastKnownFileType = wrapper.framework; name = OpenAL.framework; path = System/Library/Frameworks/OpenAL.framework; sourceTree = SDKROOT; };
		D44C620D132DFF430009C878 /* AVFoundation.framework */ = {isa = PBXFileReference; lastKnownFileType = wrapper.framework; name = AVFoundation.framework; path = System/Library/Frameworks/AVFoundation.framework; sourceTree = SDKROOT; };
		D44C620F132DFF4E0009C878 /* AudioToolbox.framework */ = {isa = PBXFileReference; lastKnownFileType = wrapper.framework; name = AudioToolbox.framework; path = System/Library/Frameworks/AudioToolbox.framework; sourceTree = SDKROOT; };
		D4F9F37B12E54555005CA6D2 /* Info.plist */ = {isa = PBXFileReference; fileEncoding = 4; lastKnownFileType = text.plist.xml; path = Info.plist; sourceTree = SOURCE_ROOT; };
/* End PBXFileReference section */

/* Begin PBXFrameworksBuildPhase section */
		1D60588F0D05DD3D006BFB54 /* Frameworks */ = {
			isa = PBXFrameworksBuildPhase;
			buildActionMask = 2147483647;
			files = (
				15A3DA6A1682F886002FB0C5 /* libcocos2dx.a in Frameworks */,
				1ACB3244164770DE00914215 /* libcurl.a in Frameworks */,
				1D60589F0D05DD5A006BFB54 /* Foundation.framework in Frameworks */,
				1DF5F4E00D08C38300B7A737 /* UIKit.framework in Frameworks */,
				288765A50DF7441C002DB57D /* CoreGraphics.framework in Frameworks */,
				BF171245129291EC00B8313A /* OpenGLES.framework in Frameworks */,
				BF1712461292920000B8313A /* libxml2.dylib in Frameworks */,
				BF1712471292920000B8313A /* libz.dylib in Frameworks */,
				BF1C47F01293687400B63C5D /* QuartzCore.framework in Frameworks */,
				D44C620C132DFF330009C878 /* OpenAL.framework in Frameworks */,
				D44C620E132DFF430009C878 /* AVFoundation.framework in Frameworks */,
				D44C6210132DFF4E0009C878 /* AudioToolbox.framework in Frameworks */,
			);
			runOnlyForDeploymentPostprocessing = 0;
		};
/* End PBXFrameworksBuildPhase section */

/* Begin PBXGroup section */
		080E96DDFE201D6D7F000001 /* ios */ = {
			isa = PBXGroup;
			children = (
				1AC3624216D4A1E8000847F2 /* AppController.h */,
				1AC3624316D4A1E8000847F2 /* AppController.mm */,
				D4F9F37B12E54555005CA6D2 /* Info.plist */,
				1AC3624516D4A1E8000847F2 /* main.m */,
				1AC3624616D4A1E8000847F2 /* Prefix.pch */,
				1AFCDA8016D4A25900906EA6 /* RootViewController.h */,
				1AFCDA8116D4A25900906EA6 /* RootViewController.mm */,
			);
			name = ios;
			path = Classes;
			sourceTree = "<group>";
		};
		15A3D87F1682F7B3002FB0C5 /* Products */ = {
			isa = PBXGroup;
			children = (
				15A3D8861682F7B3002FB0C5 /* libcocos2dx.a */,
			);
			name = Products;
			sourceTree = "<group>";
		};
		15A3D8871682F7D5002FB0C5 /* Box2D */ = {
			isa = PBXGroup;
			children = (
				15A3D8891682F7D5002FB0C5 /* Box2D.h */,
				15A3D88A1682F7D5002FB0C5 /* Collision */,
				15A3D8A21682F7D5002FB0C5 /* Common */,
				15A3D8B01682F7D5002FB0C5 /* Dynamics */,
				15A3D8FB1682F7D5002FB0C5 /* Rope */,
			);
			name = Box2D;
			path = ../../../external/Box2D;
			sourceTree = "<group>";
		};
		15A3D88A1682F7D5002FB0C5 /* Collision */ = {
			isa = PBXGroup;
			children = (
				15A3D88B1682F7D5002FB0C5 /* b2BroadPhase.cpp */,
				15A3D88C1682F7D5002FB0C5 /* b2BroadPhase.h */,
				15A3D88D1682F7D5002FB0C5 /* b2CollideCircle.cpp */,
				15A3D88E1682F7D5002FB0C5 /* b2CollideEdge.cpp */,
				15A3D88F1682F7D5002FB0C5 /* b2CollidePolygon.cpp */,
				15A3D8901682F7D5002FB0C5 /* b2Collision.cpp */,
				15A3D8911682F7D5002FB0C5 /* b2Collision.h */,
				15A3D8921682F7D5002FB0C5 /* b2Distance.cpp */,
				15A3D8931682F7D5002FB0C5 /* b2Distance.h */,
				15A3D8941682F7D5002FB0C5 /* b2DynamicTree.cpp */,
				15A3D8951682F7D5002FB0C5 /* b2DynamicTree.h */,
				15A3D8961682F7D5002FB0C5 /* b2TimeOfImpact.cpp */,
				15A3D8971682F7D5002FB0C5 /* b2TimeOfImpact.h */,
				15A3D8981682F7D5002FB0C5 /* Shapes */,
			);
			path = Collision;
			sourceTree = "<group>";
		};
		15A3D8981682F7D5002FB0C5 /* Shapes */ = {
			isa = PBXGroup;
			children = (
				15A3D8991682F7D5002FB0C5 /* b2ChainShape.cpp */,
				15A3D89A1682F7D5002FB0C5 /* b2ChainShape.h */,
				15A3D89B1682F7D5002FB0C5 /* b2CircleShape.cpp */,
				15A3D89C1682F7D5002FB0C5 /* b2CircleShape.h */,
				15A3D89D1682F7D5002FB0C5 /* b2EdgeShape.cpp */,
				15A3D89E1682F7D5002FB0C5 /* b2EdgeShape.h */,
				15A3D89F1682F7D5002FB0C5 /* b2PolygonShape.cpp */,
				15A3D8A01682F7D5002FB0C5 /* b2PolygonShape.h */,
				15A3D8A11682F7D5002FB0C5 /* b2Shape.h */,
			);
			path = Shapes;
			sourceTree = "<group>";
		};
		15A3D8A21682F7D5002FB0C5 /* Common */ = {
			isa = PBXGroup;
			children = (
				15A3D8A31682F7D5002FB0C5 /* b2BlockAllocator.cpp */,
				15A3D8A41682F7D5002FB0C5 /* b2BlockAllocator.h */,
				15A3D8A51682F7D5002FB0C5 /* b2Draw.cpp */,
				15A3D8A61682F7D5002FB0C5 /* b2Draw.h */,
				15A3D8A71682F7D5002FB0C5 /* b2GrowableStack.h */,
				15A3D8A81682F7D5002FB0C5 /* b2Math.cpp */,
				15A3D8A91682F7D5002FB0C5 /* b2Math.h */,
				15A3D8AA1682F7D5002FB0C5 /* b2Settings.cpp */,
				15A3D8AB1682F7D5002FB0C5 /* b2Settings.h */,
				15A3D8AC1682F7D5002FB0C5 /* b2StackAllocator.cpp */,
				15A3D8AD1682F7D5002FB0C5 /* b2StackAllocator.h */,
				15A3D8AE1682F7D5002FB0C5 /* b2Timer.cpp */,
				15A3D8AF1682F7D5002FB0C5 /* b2Timer.h */,
			);
			path = Common;
			sourceTree = "<group>";
		};
		15A3D8B01682F7D5002FB0C5 /* Dynamics */ = {
			isa = PBXGroup;
			children = (
				15A3D8B11682F7D5002FB0C5 /* b2Body.cpp */,
				15A3D8B21682F7D5002FB0C5 /* b2Body.h */,
				15A3D8B31682F7D5002FB0C5 /* b2ContactManager.cpp */,
				15A3D8B41682F7D5002FB0C5 /* b2ContactManager.h */,
				15A3D8B51682F7D5002FB0C5 /* b2Fixture.cpp */,
				15A3D8B61682F7D5002FB0C5 /* b2Fixture.h */,
				15A3D8B71682F7D5002FB0C5 /* b2Island.cpp */,
				15A3D8B81682F7D5002FB0C5 /* b2Island.h */,
				15A3D8B91682F7D5002FB0C5 /* b2TimeStep.h */,
				15A3D8BA1682F7D5002FB0C5 /* b2World.cpp */,
				15A3D8BB1682F7D5002FB0C5 /* b2World.h */,
				15A3D8BC1682F7D5002FB0C5 /* b2WorldCallbacks.cpp */,
				15A3D8BD1682F7D5002FB0C5 /* b2WorldCallbacks.h */,
				15A3D8BE1682F7D5002FB0C5 /* Contacts */,
				15A3D8D11682F7D5002FB0C5 /* Joints */,
			);
			path = Dynamics;
			sourceTree = "<group>";
		};
		15A3D8BE1682F7D5002FB0C5 /* Contacts */ = {
			isa = PBXGroup;
			children = (
				15A3D8BF1682F7D5002FB0C5 /* b2ChainAndCircleContact.cpp */,
				15A3D8C01682F7D5002FB0C5 /* b2ChainAndCircleContact.h */,
				15A3D8C11682F7D5002FB0C5 /* b2ChainAndPolygonContact.cpp */,
				15A3D8C21682F7D5002FB0C5 /* b2ChainAndPolygonContact.h */,
				15A3D8C31682F7D5002FB0C5 /* b2CircleContact.cpp */,
				15A3D8C41682F7D5002FB0C5 /* b2CircleContact.h */,
				15A3D8C51682F7D5002FB0C5 /* b2Contact.cpp */,
				15A3D8C61682F7D5002FB0C5 /* b2Contact.h */,
				15A3D8C71682F7D5002FB0C5 /* b2ContactSolver.cpp */,
				15A3D8C81682F7D5002FB0C5 /* b2ContactSolver.h */,
				15A3D8C91682F7D5002FB0C5 /* b2EdgeAndCircleContact.cpp */,
				15A3D8CA1682F7D5002FB0C5 /* b2EdgeAndCircleContact.h */,
				15A3D8CB1682F7D5002FB0C5 /* b2EdgeAndPolygonContact.cpp */,
				15A3D8CC1682F7D5002FB0C5 /* b2EdgeAndPolygonContact.h */,
				15A3D8CD1682F7D5002FB0C5 /* b2PolygonAndCircleContact.cpp */,
				15A3D8CE1682F7D5002FB0C5 /* b2PolygonAndCircleContact.h */,
				15A3D8CF1682F7D5002FB0C5 /* b2PolygonContact.cpp */,
				15A3D8D01682F7D5002FB0C5 /* b2PolygonContact.h */,
			);
			path = Contacts;
			sourceTree = "<group>";
		};
		15A3D8D11682F7D5002FB0C5 /* Joints */ = {
			isa = PBXGroup;
			children = (
				15A3D8D21682F7D5002FB0C5 /* b2DistanceJoint.cpp */,
				15A3D8D31682F7D5002FB0C5 /* b2DistanceJoint.h */,
				15A3D8D41682F7D5002FB0C5 /* b2FrictionJoint.cpp */,
				15A3D8D51682F7D5002FB0C5 /* b2FrictionJoint.h */,
				15A3D8D61682F7D5002FB0C5 /* b2GearJoint.cpp */,
				15A3D8D71682F7D5002FB0C5 /* b2GearJoint.h */,
				15A3D8D81682F7D5002FB0C5 /* b2Joint.cpp */,
				15A3D8D91682F7D5002FB0C5 /* b2Joint.h */,
				15A3D8DA1682F7D5002FB0C5 /* b2MouseJoint.cpp */,
				15A3D8DB1682F7D5002FB0C5 /* b2MouseJoint.h */,
				15A3D8DC1682F7D5002FB0C5 /* b2PrismaticJoint.cpp */,
				15A3D8DD1682F7D5002FB0C5 /* b2PrismaticJoint.h */,
				15A3D8DE1682F7D5002FB0C5 /* b2PulleyJoint.cpp */,
				15A3D8DF1682F7D5002FB0C5 /* b2PulleyJoint.h */,
				15A3D8E01682F7D5002FB0C5 /* b2RevoluteJoint.cpp */,
				15A3D8E11682F7D5002FB0C5 /* b2RevoluteJoint.h */,
				15A3D8E21682F7D5002FB0C5 /* b2RopeJoint.cpp */,
				15A3D8E31682F7D5002FB0C5 /* b2RopeJoint.h */,
				15A3D8E41682F7D5002FB0C5 /* b2WeldJoint.cpp */,
				15A3D8E51682F7D5002FB0C5 /* b2WeldJoint.h */,
				15A3D8E61682F7D5002FB0C5 /* b2WheelJoint.cpp */,
				15A3D8E71682F7D5002FB0C5 /* b2WheelJoint.h */,
			);
			path = Joints;
			sourceTree = "<group>";
		};
		15A3D8FB1682F7D5002FB0C5 /* Rope */ = {
			isa = PBXGroup;
			children = (
				15A3D8FC1682F7D5002FB0C5 /* b2Rope.cpp */,
				15A3D8FD1682F7D5002FB0C5 /* b2Rope.h */,
			);
			path = Rope;
			sourceTree = "<group>";
		};
		15A3DA6B1682F8A6002FB0C5 /* CocosDenshion */ = {
			isa = PBXGroup;
			children = (
				15A3DA811682F8A6002FB0C5 /* include */,
				15A3DA841682F8A6002FB0C5 /* ios */,
			);
			name = CocosDenshion;
			path = ../../../CocosDenshion;
			sourceTree = "<group>";
		};
		15A3DA811682F8A6002FB0C5 /* include */ = {
			isa = PBXGroup;
			children = (
				15A3DA821682F8A6002FB0C5 /* Export.h */,
				15A3DA831682F8A6002FB0C5 /* SimpleAudioEngine.h */,
			);
			path = include;
			sourceTree = "<group>";
		};
		15A3DA841682F8A6002FB0C5 /* ios */ = {
			isa = PBXGroup;
			children = (
				15A3DA851682F8A6002FB0C5 /* CDAudioManager.h */,
				15A3DA861682F8A6002FB0C5 /* CDAudioManager.m */,
				15A3DA871682F8A6002FB0C5 /* CDConfig.h */,
				15A3DA881682F8A6002FB0C5 /* CDOpenALSupport.h */,
				15A3DA891682F8A6002FB0C5 /* CDOpenALSupport.m */,
				15A3DA8A1682F8A6002FB0C5 /* CocosDenshion.h */,
				15A3DA8B1682F8A6002FB0C5 /* CocosDenshion.m */,
				15A3DA8C1682F8A6002FB0C5 /* SimpleAudioEngine.mm */,
				15A3DA8D1682F8A6002FB0C5 /* SimpleAudioEngine_objc.h */,
				15A3DA8E1682F8A6002FB0C5 /* SimpleAudioEngine_objc.m */,
			);
			path = ios;
			sourceTree = "<group>";
		};
		15AA9C4015B7EC450033D6C2 /* Classes */ = {
			isa = PBXGroup;
			children = (
				326DF50018C51FC3004E1F4B /* Abstract */,
				326DF4E518C516F1004E1F4B /* Singletons */,
				326DF54B18C525E2004E1F4B /* GameObjects */,
				326DF4EA18C51AA0004E1F4B /* Scene */,
				1AFAF8B616D35DE700DB1158 /* HelloWorldScene.h */,
				1AFAF8B516D35DE700DB1158 /* HelloWorldScene.cpp */,
			);
			name = Classes;
			path = ../classes;
			sourceTree = "<group>";
		};
		19C28FACFE9D520D11CA2CBB /* Products */ = {
			isa = PBXGroup;
			children = (
				1D6058910D05DD3D006BFB54 /* WonkyBird.app */,
			);
			name = Products;
			sourceTree = "<group>";
		};
		29B97314FDCFA39411CA2CEA /* CustomTemplate */ = {
			isa = PBXGroup;
			children = (
				15A3D87E1682F7B3002FB0C5 /* cocos2dx.xcodeproj */,
				15A3D8871682F7D5002FB0C5 /* Box2D */,
				15AA9C4015B7EC450033D6C2 /* Classes */,
				15A3DA6B1682F8A6002FB0C5 /* CocosDenshion */,
				29B97323FDCFA39411CA2CEA /* Frameworks */,
				080E96DDFE201D6D7F000001 /* ios */,
				19C28FACFE9D520D11CA2CBB /* Products */,
				78C7DDAA14EBA5050085D0C2 /* Resources */,
			);
			name = CustomTemplate;
			sourceTree = "<group>";
		};
		29B97323FDCFA39411CA2CEA /* Frameworks */ = {
			isa = PBXGroup;
			children = (
				1ACB3243164770DE00914215 /* libcurl.a */,
				BF170DB212928DE900B8313A /* libxml2.dylib */,
				BF170DB412928DE900B8313A /* libz.dylib */,
				D44C620F132DFF4E0009C878 /* AudioToolbox.framework */,
				D44C620D132DFF430009C878 /* AVFoundation.framework */,
				288765A40DF7441C002DB57D /* CoreGraphics.framework */,
				1D30AB110D05D00D00671497 /* Foundation.framework */,
				D44C620B132DFF330009C878 /* OpenAL.framework */,
				BF170DB012928DE900B8313A /* OpenGLES.framework */,
				BF1C47EA1293683800B63C5D /* QuartzCore.framework */,
				1DF5F4DF0D08C38300B7A737 /* UIKit.framework */,
			);
			name = Frameworks;
			sourceTree = "<group>";
		};
		326DF4DE18C510FC004E1F4B /* Images */ = {
			isa = PBXGroup;
			children = (
				326DF4DF18C510FC004E1F4B /* Background@2x.png */,
				326DF4E018C510FC004E1F4B /* Background_Night@2x.png */,
				326DF4E118C510FC004E1F4B /* Background_Toucan@2x.png */,
			);
			path = Images;
			sourceTree = "<group>";
		};
		326DF4E518C516F1004E1F4B /* Singletons */ = {
			isa = PBXGroup;
			children = (
				326DF4E618C51708004E1F4B /* Constants.h */,
				326DF4E818C51A98004E1F4B /* AppDelegate.h */,
				326DF4E718C51A98004E1F4B /* AppDelegate.cpp */,
				326DF55C18C5271E004E1F4B /* GameManager.h */,
				326DF55B18C5271E004E1F4B /* GameManager.cpp */,
			);
			name = Singletons;
			path = ../Classes/Singletons;
			sourceTree = "<group>";
		};
		326DF4EA18C51AA0004E1F4B /* Scene */ = {
			isa = PBXGroup;
			children = (
				326DF4EC18C51AA0004E1F4B /* MainScene.h */,
				326DF4EB18C51AA0004E1F4B /* MainScene.cpp */,
				326DF4EE18C51AA0004E1F4B /* StaticBackgroundLayer.h */,
				326DF4ED18C51AA0004E1F4B /* StaticBackgroundLayer.cpp */,
				326DF4F818C51E2E004E1F4B /* ScrollingBackgroundLayer.h */,
				326DF4F718C51E2E004E1F4B /* ScrollingBackgroundLayer.cpp */,
				326DF4FB18C51EAB004E1F4B /* GameplayLayer.h */,
				326DF4FA18C51EAB004E1F4B /* GameplayLayer.cpp */,
				326DF4FE18C51EB6004E1F4B /* HUDLayer.h */,
				326DF4FD18C51EB6004E1F4B /* HUDLayer.cpp */,
			);
			name = Scene;
			path = ../Classes/Scene;
			sourceTree = "<group>";
		};
		326DF50018C51FC3004E1F4B /* Abstract */ = {
			isa = PBXGroup;
			children = (
				326DF50218C51FDA004E1F4B /* GameLayer.h */,
				326DF50118C51FDA004E1F4B /* GameLayer.cpp */,
				326DF54D18C52604004E1F4B /* GameSprite.h */,
				326DF54C18C52604004E1F4B /* GameSprite.cpp */,
				326DF55F18C5276B004E1F4B /* Box2DLayer.h */,
				326DF55E18C5276B004E1F4B /* Box2DLayer.cpp */,
			);
			name = Abstract;
			path = ../Classes/Abstract;
			sourceTree = "<group>";
		};
		326DF50418C521B2004E1F4B /* Fonts */ = {
			isa = PBXGroup;
			children = (
				326DF50518C521B2004E1F4B /* Font_Score_Large.fnt */,
				326DF50618C521B2004E1F4B /* Font_Score_Large.GlyphProject */,
				326DF50718C521B2004E1F4B /* Font_Score_Large.png */,
				326DF50818C521B2004E1F4B /* Font_Score_Small.fnt */,
				326DF50918C521B2004E1F4B /* Font_Score_Small.GlyphProject */,
				326DF50A18C521B2004E1F4B /* Font_Score_Small.png */,
			);
			path = Fonts;
			sourceTree = "<group>";
		};
		326DF50B18C521B2004E1F4B /* Icons */ = {
			isa = PBXGroup;
			children = (
				326DF50C18C521B2004E1F4B /* AppIcon29x29@2x.png */,
				326DF50D18C521B2004E1F4B /* AppIcon40x40@2x.png */,
				326DF50E18C521B2004E1F4B /* AppIcon60x60@2x.png */,
				326DF50F18C521B2004E1F4B /* AppIcon76x76@2x.png */,
			);
			path = Icons;
			sourceTree = "<group>";
		};
		326DF51018C521B2004E1F4B /* ShapeDefs */ = {
			isa = PBXGroup;
			children = (
				326DF51118C521B2004E1F4B /* ShapeDefs.pes */,
				326DF51218C521B2004E1F4B /* ShapeDefs.plist */,
			);
			path = ShapeDefs;
			sourceTree = "<group>";
		};
		326DF51318C521B2004E1F4B /* Sounds */ = {
			isa = PBXGroup;
			children = (
				326DF51418C521B2004E1F4B /* Perc_2.wav */,
				326DF51518C521B2004E1F4B /* Return_to_Earth.mp3 */,
				326DF51618C521B2004E1F4B /* Shaker_2.wav */,
			);
			path = Sounds;
			sourceTree = "<group>";
		};
		326DF51718C521B2004E1F4B /* SplashScreens */ = {
			isa = PBXGroup;
			children = (
				326DF51818C521B2004E1F4B /* Default-568h@2x.png */,
				326DF51918C521B2004E1F4B /* Default@2x.png */,
			);
			path = SplashScreens;
			sourceTree = "<group>";
		};
		326DF51A18C521B2004E1F4B /* TextureAtlases */ = {
			isa = PBXGroup;
			children = (
				326DF51B18C521B2004E1F4B /* Clouds.tps */,
				326DF51C18C521B2004E1F4B /* Clouds@2x.plist */,
				326DF51D18C521B2004E1F4B /* Clouds@2x.png */,
				326DF51E18C521B2004E1F4B /* HUD.tps */,
				326DF51F18C521B2004E1F4B /* HUD@2x.plist */,
				326DF52018C521B2004E1F4B /* HUD@2x.png */,
				326DF52118C521B2004E1F4B /* Pipe.plist */,
				326DF52218C521B2004E1F4B /* Textures.tps */,
				326DF52318C521B2004E1F4B /* Textures@2x.plist */,
				326DF52418C521B2004E1F4B /* Textures@2x.png */,
			);
			path = TextureAtlases;
			sourceTree = "<group>";
		};
		326DF52518C521B2004E1F4B /* TileMaps */ = {
			isa = PBXGroup;
			children = (
				326DF52618C521B2004E1F4B /* Grass.png */,
				326DF52718C521B2004E1F4B /* Grass.tmx */,
				326DF52818C521B2004E1F4B /* Pipe.ai */,
				326DF52918C521B2004E1F4B /* Pipe.png */,
				326DF52A18C521B2004E1F4B /* Pipe.tmx */,
			);
			path = TileMaps;
			sourceTree = "<group>";
		};
		326DF54B18C525E2004E1F4B /* GameObjects */ = {
			isa = PBXGroup;
			children = (
				326DF55018C52629004E1F4B /* Bird.h */,
				326DF54F18C52629004E1F4B /* Bird.cpp */,
				326DF55318C52647004E1F4B /* Toucan.h */,
				326DF55218C52647004E1F4B /* Toucan.cpp */,
				326DF55618C52667004E1F4B /* Pigeon.h */,
				326DF55518C52667004E1F4B /* Pigeon.cpp */,
			);
			name = GameObjects;
			path = ../Classes/GameObjects;
			sourceTree = "<group>";
		};
		78C7DDAA14EBA5050085D0C2 /* Resources */ = {
			isa = PBXGroup;
			children = (
				326DF4DE18C510FC004E1F4B /* Images */,
				326DF50418C521B2004E1F4B /* Fonts */,
				326DF50B18C521B2004E1F4B /* Icons */,
				326DF51018C521B2004E1F4B /* ShapeDefs */,
				326DF51318C521B2004E1F4B /* Sounds */,
				326DF51718C521B2004E1F4B /* SplashScreens */,
				326DF51A18C521B2004E1F4B /* TextureAtlases */,
				326DF52518C521B2004E1F4B /* TileMaps */,
			);
			name = Resources;
			path = ../Resources;
			sourceTree = "<group>";
		};
/* End PBXGroup section */

/* Begin PBXNativeTarget section */
		1D6058900D05DD3D006BFB54 /* WonkyBird */ = {
			isa = PBXNativeTarget;
			buildConfigurationList = 1D6058960D05DD3E006BFB54 /* Build configuration list for PBXNativeTarget "WonkyBird" */;
			buildPhases = (
				1D60588D0D05DD3D006BFB54 /* Resources */,
				1D60588E0D05DD3D006BFB54 /* Sources */,
				1D60588F0D05DD3D006BFB54 /* Frameworks */,
			);
			buildRules = (
			);
			dependencies = (
				15A3DA691682F881002FB0C5 /* PBXTargetDependency */,
			);
			name = WonkyBird;
			productName = iphone;
			productReference = 1D6058910D05DD3D006BFB54 /* WonkyBird.app */;
			productType = "com.apple.product-type.application";
		};
/* End PBXNativeTarget section */

/* Begin PBXProject section */
		29B97313FDCFA39411CA2CEA /* Project object */ = {
			isa = PBXProject;
			attributes = {
				LastUpgradeCheck = 0430;
			};
			buildConfigurationList = C01FCF4E08A954540054247B /* Build configuration list for PBXProject "WonkyBird" */;
			compatibilityVersion = "Xcode 3.2";
			developmentRegion = English;
			hasScannedForEncodings = 1;
			knownRegions = (
				English,
				Japanese,
				French,
				German,
			);
			mainGroup = 29B97314FDCFA39411CA2CEA /* CustomTemplate */;
			projectDirPath = "";
			projectReferences = (
				{
					ProductGroup = 15A3D87F1682F7B3002FB0C5 /* Products */;
					ProjectRef = 15A3D87E1682F7B3002FB0C5 /* cocos2dx.xcodeproj */;
				},
			);
			projectRoot = "";
			targets = (
				1D6058900D05DD3D006BFB54 /* WonkyBird */,
			);
		};
/* End PBXProject section */

/* Begin PBXReferenceProxy section */
		15A3D8861682F7B3002FB0C5 /* libcocos2dx.a */ = {
			isa = PBXReferenceProxy;
			fileType = archive.ar;
			path = libcocos2dx.a;
			remoteRef = 15A3D8851682F7B3002FB0C5 /* PBXContainerItemProxy */;
			sourceTree = BUILT_PRODUCTS_DIR;
		};
/* End PBXReferenceProxy section */

/* Begin PBXResourcesBuildPhase section */
		1D60588D0D05DD3D006BFB54 /* Resources */ = {
			isa = PBXResourcesBuildPhase;
			buildActionMask = 2147483647;
			files = (
				326DF52F18C521B2004E1F4B /* Font_Score_Small.GlyphProject in Resources */,
				326DF53718C521B2004E1F4B /* Perc_2.wav in Resources */,
				326DF53C18C521B2004E1F4B /* Clouds.tps in Resources */,
				326DF53118C521B2004E1F4B /* AppIcon29x29@2x.png in Resources */,
				326DF53E18C521B2004E1F4B /* Clouds@2x.png in Resources */,
				326DF54A18C521B2004E1F4B /* Pipe.tmx in Resources */,
				326DF54218C521B2004E1F4B /* Pipe.plist in Resources */,
				326DF53D18C521B2004E1F4B /* Clouds@2x.plist in Resources */,
				326DF53418C521B2004E1F4B /* AppIcon76x76@2x.png in Resources */,
				326DF53518C521B2004E1F4B /* ShapeDefs.pes in Resources */,
				326DF53618C521B2004E1F4B /* ShapeDefs.plist in Resources */,
				326DF54518C521B2004E1F4B /* Textures@2x.png in Resources */,
				326DF54918C521B2004E1F4B /* Pipe.png in Resources */,
				326DF53F18C521B2004E1F4B /* HUD.tps in Resources */,
				326DF53018C521B2004E1F4B /* Font_Score_Small.png in Resources */,
				326DF54418C521B2004E1F4B /* Textures@2x.plist in Resources */,
				326DF54018C521B2004E1F4B /* HUD@2x.plist in Resources */,
				326DF54318C521B2004E1F4B /* Textures.tps in Resources */,
				326DF53A18C521B2004E1F4B /* Default-568h@2x.png in Resources */,
				326DF53B18C521B2004E1F4B /* Default@2x.png in Resources */,
				326DF52C18C521B2004E1F4B /* Font_Score_Large.GlyphProject in Resources */,
				326DF54818C521B2004E1F4B /* Pipe.ai in Resources */,
				326DF54618C521B2004E1F4B /* Grass.png in Resources */,
				326DF53318C521B2004E1F4B /* AppIcon60x60@2x.png in Resources */,
				326DF52D18C521B2004E1F4B /* Font_Score_Large.png in Resources */,
				326DF4E218C510FC004E1F4B /* Background@2x.png in Resources */,
				326DF53818C521B2004E1F4B /* Return_to_Earth.mp3 in Resources */,
				326DF52E18C521B2004E1F4B /* Font_Score_Small.fnt in Resources */,
				326DF53918C521B2004E1F4B /* Shaker_2.wav in Resources */,
				326DF54718C521B2004E1F4B /* Grass.tmx in Resources */,
				326DF4E318C510FC004E1F4B /* Background_Night@2x.png in Resources */,
				326DF53218C521B2004E1F4B /* AppIcon40x40@2x.png in Resources */,
				326DF54118C521B2004E1F4B /* HUD@2x.png in Resources */,
				326DF52B18C521B2004E1F4B /* Font_Score_Large.fnt in Resources */,
				326DF4E418C510FC004E1F4B /* Background_Toucan@2x.png in Resources */,
			);
			runOnlyForDeploymentPostprocessing = 0;
		};
/* End PBXResourcesBuildPhase section */

/* Begin PBXSourcesBuildPhase section */
		1D60588E0D05DD3D006BFB54 /* Sources */ = {
			isa = PBXSourcesBuildPhase;
			buildActionMask = 2147483647;
			files = (
				15A3D8FF1682F7D5002FB0C5 /* b2BroadPhase.cpp in Sources */,
				15A3D9001682F7D5002FB0C5 /* b2CollideCircle.cpp in Sources */,
				15A3D9011682F7D5002FB0C5 /* b2CollideEdge.cpp in Sources */,
				15A3D9021682F7D5002FB0C5 /* b2CollidePolygon.cpp in Sources */,
				15A3D9031682F7D5002FB0C5 /* b2Collision.cpp in Sources */,
				326DF4F018C51AA0004E1F4B /* StaticBackgroundLayer.cpp in Sources */,
				15A3D9041682F7D5002FB0C5 /* b2Distance.cpp in Sources */,
				15A3D9051682F7D5002FB0C5 /* b2DynamicTree.cpp in Sources */,
				15A3D9061682F7D5002FB0C5 /* b2TimeOfImpact.cpp in Sources */,
				15A3D9071682F7D5002FB0C5 /* b2ChainShape.cpp in Sources */,
				15A3D9081682F7D5002FB0C5 /* b2CircleShape.cpp in Sources */,
				15A3D9091682F7D5002FB0C5 /* b2EdgeShape.cpp in Sources */,
				15A3D90A1682F7D5002FB0C5 /* b2PolygonShape.cpp in Sources */,
				15A3D90B1682F7D5002FB0C5 /* b2BlockAllocator.cpp in Sources */,
				15A3D90C1682F7D5002FB0C5 /* b2Draw.cpp in Sources */,
				15A3D90D1682F7D5002FB0C5 /* b2Math.cpp in Sources */,
				15A3D90E1682F7D5002FB0C5 /* b2Settings.cpp in Sources */,
				15A3D90F1682F7D5002FB0C5 /* b2StackAllocator.cpp in Sources */,
				15A3D9101682F7D5002FB0C5 /* b2Timer.cpp in Sources */,
				15A3D9111682F7D5002FB0C5 /* b2Body.cpp in Sources */,
				15A3D9121682F7D5002FB0C5 /* b2ContactManager.cpp in Sources */,
				15A3D9131682F7D5002FB0C5 /* b2Fixture.cpp in Sources */,
				15A3D9141682F7D5002FB0C5 /* b2Island.cpp in Sources */,
				15A3D9151682F7D5002FB0C5 /* b2World.cpp in Sources */,
				326DF55118C52629004E1F4B /* Bird.cpp in Sources */,
				15A3D9161682F7D5002FB0C5 /* b2WorldCallbacks.cpp in Sources */,
				15A3D9171682F7D5002FB0C5 /* b2ChainAndCircleContact.cpp in Sources */,
				326DF56018C5276B004E1F4B /* Box2DLayer.cpp in Sources */,
				15A3D9181682F7D5002FB0C5 /* b2ChainAndPolygonContact.cpp in Sources */,
				326DF55418C52647004E1F4B /* Toucan.cpp in Sources */,
				15A3D9191682F7D5002FB0C5 /* b2CircleContact.cpp in Sources */,
				15A3D91A1682F7D5002FB0C5 /* b2Contact.cpp in Sources */,
				326DF54E18C52604004E1F4B /* GameSprite.cpp in Sources */,
				15A3D91B1682F7D5002FB0C5 /* b2ContactSolver.cpp in Sources */,
				326DF55D18C5271E004E1F4B /* GameManager.cpp in Sources */,
				15A3D91C1682F7D5002FB0C5 /* b2EdgeAndCircleContact.cpp in Sources */,
				15A3D91D1682F7D5002FB0C5 /* b2EdgeAndPolygonContact.cpp in Sources */,
				15A3D91E1682F7D5002FB0C5 /* b2PolygonAndCircleContact.cpp in Sources */,
				15A3D91F1682F7D5002FB0C5 /* b2PolygonContact.cpp in Sources */,
				15A3D9201682F7D5002FB0C5 /* b2DistanceJoint.cpp in Sources */,
				15A3D9211682F7D5002FB0C5 /* b2FrictionJoint.cpp in Sources */,
				15A3D9221682F7D5002FB0C5 /* b2GearJoint.cpp in Sources */,
				326DF4E918C51A98004E1F4B /* AppDelegate.cpp in Sources */,
				15A3D9231682F7D5002FB0C5 /* b2Joint.cpp in Sources */,
				15A3D9241682F7D5002FB0C5 /* b2MouseJoint.cpp in Sources */,
				15A3D9251682F7D5002FB0C5 /* b2PrismaticJoint.cpp in Sources */,
				15A3D9261682F7D5002FB0C5 /* b2PulleyJoint.cpp in Sources */,
				15A3D9271682F7D5002FB0C5 /* b2RevoluteJoint.cpp in Sources */,
				15A3D9281682F7D5002FB0C5 /* b2RopeJoint.cpp in Sources */,
				15A3D9291682F7D5002FB0C5 /* b2WeldJoint.cpp in Sources */,
				15A3D92A1682F7D5002FB0C5 /* b2WheelJoint.cpp in Sources */,
				15A3D9391682F7D5002FB0C5 /* b2Rope.cpp in Sources */,
				326DF55718C52667004E1F4B /* Pigeon.cpp in Sources */,
				326DF4FF18C51EB6004E1F4B /* HUDLayer.cpp in Sources */,
				15A3DAEB1682F8A6002FB0C5 /* CDAudioManager.m in Sources */,
				15A3DAEC1682F8A6002FB0C5 /* CDOpenALSupport.m in Sources */,
				15A3DAED1682F8A6002FB0C5 /* CocosDenshion.m in Sources */,
				15A3DAEE1682F8A6002FB0C5 /* SimpleAudioEngine.mm in Sources */,
				15A3DAEF1682F8A6002FB0C5 /* SimpleAudioEngine_objc.m in Sources */,
				1AFAF8B816D35DE700DB1158 /* HelloWorldScene.cpp in Sources */,
				1AC3624916D4A1E8000847F2 /* AppController.mm in Sources */,
				1AC3624B16D4A1E8000847F2 /* main.m in Sources */,
				1AFCDA8216D4A25900906EA6 /* RootViewController.mm in Sources */,
				326DF50318C51FDA004E1F4B /* GameLayer.cpp in Sources */,
				326DF4F918C51E2E004E1F4B /* ScrollingBackgroundLayer.cpp in Sources */,
				326DF4EF18C51AA0004E1F4B /* MainScene.cpp in Sources */,
				326DF4FC18C51EAB004E1F4B /* GameplayLayer.cpp in Sources */,
			);
			runOnlyForDeploymentPostprocessing = 0;
		};
/* End PBXSourcesBuildPhase section */

/* Begin PBXTargetDependency section */
		15A3DA691682F881002FB0C5 /* PBXTargetDependency */ = {
			isa = PBXTargetDependency;
			name = cocos2dx;
			targetProxy = 15A3DA681682F881002FB0C5 /* PBXContainerItemProxy */;
		};
/* End PBXTargetDependency section */

/* Begin XCBuildConfiguration section */
		1D6058940D05DD3E006BFB54 /* Debug */ = {
			isa = XCBuildConfiguration;
			buildSettings = {
				ALWAYS_SEARCH_USER_PATHS = NO;
				ARCHS = "$(ARCHS_STANDARD)";
				CLANG_CXX_LANGUAGE_STANDARD = "c++0x";
				CLANG_CXX_LIBRARY = "libc++";
				CODE_SIGN_IDENTITY = "iPhone Developer";
				"CODE_SIGN_IDENTITY[sdk=iphoneos*]" = "iPhone Developer";
				COPY_PHASE_STRIP = NO;
				GCC_C_LANGUAGE_STANDARD = c11;
				GCC_DYNAMIC_NO_PIC = NO;
				GCC_INCREASE_PRECOMPILED_HEADER_SHARING = YES;
				GCC_INLINES_ARE_PRIVATE_EXTERN = NO;
				GCC_OPTIMIZATION_LEVEL = 0;
				GCC_PRECOMPILE_PREFIX_HEADER = YES;
				GCC_PREFIX_HEADER = Prefix.pch;
				GCC_PREPROCESSOR_DEFINITIONS = (
					USE_FILE32API,
					CC_TARGET_OS_IPHONE,
					"COCOS2D_DEBUG=1",
					CC_ENABLE_CHIPMUNK_INTEGRATION,
				);
				GCC_SYMBOLS_PRIVATE_EXTERN = NO;
				GCC_VERSION = "";
				HEADER_SEARCH_PATHS = (
					"$(SRCROOT)/../../../CocosDenshion/include",
					"\"$(SRCROOT)/../../../external/chipmunk/include/constraints\"",
					"\"$(SRCROOT)/../../../external/chipmunk/include/chipmunk\"",
					"\"$(SRCROOT)/../../../extensions\"",
					"\"$(SRCROOT)/../../../cocos2dx/kazmath/include\"",
					"\"$(SRCROOT)/../../../external\"",
					"\"$(SRCROOT)/../../../cocos2dx\"",
					"\"$(SRCROOT)/../../../cocos2dx/include\"",
					"\"$(SRCROOT)/../../../cocos2dx/platform/third_party/ios\"",
					"\"$(SRCROOT)/../../../cocos2dx/platform/ios\"",
					"\"$(SRCROOT)/../../../cocos2dx/platform/ios/Simulation\"",
				);
				INFOPLIST_FILE = Info.plist;
				IPHONEOS_DEPLOYMENT_TARGET = 5.0;
				LIBRARY_SEARCH_PATHS = (
					"\"$(SRCROOT)/../../../cocos2dx/platform/third_party/ios/libraries\"",
					"\"$(SRCROOT)/../../../external/libwebsockets/ios/lib\"",
				);
				ONLY_ACTIVE_ARCH = YES;
				PRODUCT_NAME = WonkyBird;
				PROVISIONING_PROFILE = "";
				"PROVISIONING_PROFILE[sdk=iphoneos*]" = "";
				SDKROOT = iphoneos;
				TARGETED_DEVICE_FAMILY = "1,2";
				USER_HEADER_SEARCH_PATHS = "";
			};
			name = Debug;
		};
		1D6058950D05DD3E006BFB54 /* Release */ = {
			isa = XCBuildConfiguration;
			buildSettings = {
				ALWAYS_SEARCH_USER_PATHS = NO;
				ARCHS = "$(ARCHS_STANDARD)";
				CLANG_CXX_LANGUAGE_STANDARD = "c++0x";
				CLANG_CXX_LIBRARY = "libc++";
				CODE_SIGN_IDENTITY = "iPhone Developer";
				"CODE_SIGN_IDENTITY[sdk=iphoneos*]" = "iPhone Developer";
				COPY_PHASE_STRIP = YES;
				GCC_C_LANGUAGE_STANDARD = c11;
				GCC_INCREASE_PRECOMPILED_HEADER_SHARING = YES;
				GCC_INLINES_ARE_PRIVATE_EXTERN = NO;
				GCC_OPTIMIZATION_LEVEL = 0;
				GCC_PRECOMPILE_PREFIX_HEADER = YES;
				GCC_PREFIX_HEADER = Prefix.pch;
				GCC_PREPROCESSOR_DEFINITIONS = (
					USE_FILE32API,
					CC_TARGET_OS_IPHONE,
					CC_ENABLE_CHIPMUNK_INTEGRATION,
				);
				GCC_SYMBOLS_PRIVATE_EXTERN = NO;
				GCC_VERSION = "";
				HEADER_SEARCH_PATHS = (
					"$(SRCROOT)/../../../CocosDenshion/include",
					"\"$(SRCROOT)/../../../external/chipmunk/include/constraints\"",
					"\"$(SRCROOT)/../../../external/chipmunk/include/chipmunk\"",
					"\"$(SRCROOT)/../../../extensions\"",
					"\"$(SRCROOT)/../../../cocos2dx/kazmath/include\"",
					"\"$(SRCROOT)/../../../external\"",
					"\"$(SRCROOT)/../../../cocos2dx\"",
					"\"$(SRCROOT)/../../../cocos2dx/include\"",
					"\"$(SRCROOT)/../../../cocos2dx/platform/third_party/ios\"",
					"\"$(SRCROOT)/../../../cocos2dx/platform/ios\"",
					"\"$(SRCROOT)/../../../cocos2dx/platform/ios/Simulation\"",
				);
				INFOPLIST_FILE = Info.plist;
				IPHONEOS_DEPLOYMENT_TARGET = 5.0;
				LIBRARY_SEARCH_PATHS = (
					"\"$(SRCROOT)/../../../cocos2dx/platform/third_party/ios/libraries\"",
					"\"$(SRCROOT)/../../../external/libwebsockets/ios/lib\"",
				);
				PRODUCT_NAME = WonkyBird;
				PROVISIONING_PROFILE = "";
				"PROVISIONING_PROFILE[sdk=iphoneos*]" = "";
				SDKROOT = iphoneos;
				TARGETED_DEVICE_FAMILY = "1,2";
				USER_HEADER_SEARCH_PATHS = "";
				VALIDATE_PRODUCT = YES;
			};
			name = Release;
		};
		C01FCF4F08A954540054247B /* Debug */ = {
			isa = XCBuildConfiguration;
			buildSettings = {
				ARCHS = "$(ARCHS_STANDARD_32_BIT)";
				GCC_C_LANGUAGE_STANDARD = c99;
				GCC_VERSION = "";
				GCC_WARN_ABOUT_RETURN_TYPE = YES;
				GCC_WARN_UNUSED_VARIABLE = YES;
				SDKROOT = iphoneos;
				VALID_ARCHS = "armv7 armv7s";
			};
			name = Debug;
		};
		C01FCF5008A954540054247B /* Release */ = {
			isa = XCBuildConfiguration;
			buildSettings = {
				ARCHS = "$(ARCHS_STANDARD_32_BIT)";
				GCC_C_LANGUAGE_STANDARD = c99;
				GCC_VERSION = "";
				GCC_WARN_ABOUT_RETURN_TYPE = YES;
				GCC_WARN_UNUSED_VARIABLE = YES;
				OTHER_CFLAGS = "-DNS_BLOCK_ASSERTIONS=1";
				SDKROOT = iphoneos;
				VALID_ARCHS = "armv7 armv7s";
			};
			name = Release;
		};
/* End XCBuildConfiguration section */

/* Begin XCConfigurationList section */
		1D6058960D05DD3E006BFB54 /* Build configuration list for PBXNativeTarget "WonkyBird" */ = {
			isa = XCConfigurationList;
			buildConfigurations = (
				1D6058940D05DD3E006BFB54 /* Debug */,
				1D6058950D05DD3E006BFB54 /* Release */,
			);
			defaultConfigurationIsVisible = 0;
			defaultConfigurationName = Debug;
		};
		C01FCF4E08A954540054247B /* Build configuration list for PBXProject "WonkyBird" */ = {
			isa = XCConfigurationList;
			buildConfigurations = (
				C01FCF4F08A954540054247B /* Debug */,
				C01FCF5008A954540054247B /* Release */,
			);
			defaultConfigurationIsVisible = 0;
			defaultConfigurationName = Debug;
		};
/* End XCConfigurationList section */
	};
	rootObject = 29B97313FDCFA39411CA2CEA /* Project object */;
}
