// !$*UTF8*$!
{
	archiveVersion = 1;
	classes = {
	};
	objectVersion = 46;
	objects = {

/* Begin PBXBuildFile section */
		15A3DA6A1682F886002FB0C5 /* libcocos2dx.a in Frameworks */ = {isa = PBXBuildFile; fileRef = 15A3D8861682F7B3002FB0C5 /* libcocos2dx.a */; };
		1AC3624916D4A1E8000847F2 /* AppController.mm in Sources */ = {isa = PBXBuildFile; fileRef = 1AC3624316D4A1E8000847F2 /* AppController.mm */; };
		1AC3624B16D4A1E8000847F2 /* main.m in Sources */ = {isa = PBXBuildFile; fileRef = 1AC3624516D4A1E8000847F2 /* main.m */; };
		1ACB3244164770DE00914215 /* libcurl.a in Frameworks */ = {isa = PBXBuildFile; fileRef = 1ACB3243164770DE00914215 /* libcurl.a */; };
		1AFAF8B816D35DE700DB1158 /* HelloWorldScene.cpp in Sources */ = {isa = PBXBuildFile; fileRef = 1AFAF8B516D35DE700DB1158 /* HelloWorldScene.cpp */; };
		1AFCDA8216D4A25900906EA6 /* RootViewController.mm in Sources */ = {isa = PBXBuildFile; fileRef = 1AFCDA8116D4A25900906EA6 /* RootViewController.mm */; };
		1D60589F0D05DD5A006BFB54 /* Foundation.framework in Frameworks */ = {isa = PBXBuildFile; fileRef = 1D30AB110D05D00D00671497 /* Foundation.framework */; };
		1DF5F4E00D08C38300B7A737 /* UIKit.framework in Frameworks */ = {isa = PBXBuildFile; fileRef = 1DF5F4DF0D08C38300B7A737 /* UIKit.framework */; };
		288765A50DF7441C002DB57D /* CoreGraphics.framework in Frameworks */ = {isa = PBXBuildFile; fileRef = 288765A40DF7441C002DB57D /* CoreGraphics.framework */; };
		321D602318C559CA003921FC /* Box2DItem.cpp in Sources */ = {isa = PBXBuildFile; fileRef = 321D602118C559CA003921FC /* Box2DItem.cpp */; };
		321D602C18C55D9F003921FC /* GLES-Render.cpp in Sources */ = {isa = PBXBuildFile; fileRef = 321D602A18C55D9F003921FC /* GLES-Render.cpp */; };
		32231E1118C5CA5B0097167F /* ReflectiveClass.cpp in Sources */ = {isa = PBXBuildFile; fileRef = 32231E0F18C5CA5B0097167F /* ReflectiveClass.cpp */; };
		32231E1918C5DB3A0097167F /* SimpleAudioEngine.mm in Sources */ = {isa = PBXBuildFile; fileRef = 32231E1818C5DB3A0097167F /* SimpleAudioEngine.mm */; };
		32231E1D18C5EC320097167F /* Pipe.cpp in Sources */ = {isa = PBXBuildFile; fileRef = 32231E1B18C5EC320097167F /* Pipe.cpp */; };
		32231E2018C5F49E0097167F /* TiledMapWithBox2D.cpp in Sources */ = {isa = PBXBuildFile; fileRef = 32231E1E18C5F49E0097167F /* TiledMapWithBox2D.cpp */; };
		326DF4E218C510FC004E1F4B /* Background@2x.png in Resources */ = {isa = PBXBuildFile; fileRef = 326DF4DF18C510FC004E1F4B /* Background@2x.png */; };
		326DF4E318C510FC004E1F4B /* Background_Night@2x.png in Resources */ = {isa = PBXBuildFile; fileRef = 326DF4E018C510FC004E1F4B /* Background_Night@2x.png */; };
		326DF4E418C510FC004E1F4B /* Background_Toucan@2x.png in Resources */ = {isa = PBXBuildFile; fileRef = 326DF4E118C510FC004E1F4B /* Background_Toucan@2x.png */; };
		326DF4E918C51A98004E1F4B /* AppDelegate.cpp in Sources */ = {isa = PBXBuildFile; fileRef = 326DF4E718C51A98004E1F4B /* AppDelegate.cpp */; };
		326DF4EF18C51AA0004E1F4B /* MainScene.cpp in Sources */ = {isa = PBXBuildFile; fileRef = 326DF4EB18C51AA0004E1F4B /* MainScene.cpp */; };
		326DF4F018C51AA0004E1F4B /* StaticBackgroundLayer.cpp in Sources */ = {isa = PBXBuildFile; fileRef = 326DF4ED18C51AA0004E1F4B /* StaticBackgroundLayer.cpp */; };
		326DF4F918C51E2E004E1F4B /* ScrollingBackgroundLayer.cpp in Sources */ = {isa = PBXBuildFile; fileRef = 326DF4F718C51E2E004E1F4B /* ScrollingBackgroundLayer.cpp */; };
		326DF4FC18C51EAB004E1F4B /* GameplayLayer.cpp in Sources */ = {isa = PBXBuildFile; fileRef = 326DF4FA18C51EAB004E1F4B /* GameplayLayer.cpp */; };
		326DF4FF18C51EB6004E1F4B /* HUDLayer.cpp in Sources */ = {isa = PBXBuildFile; fileRef = 326DF4FD18C51EB6004E1F4B /* HUDLayer.cpp */; };
		326DF50318C51FDA004E1F4B /* GameLayer.cpp in Sources */ = {isa = PBXBuildFile; fileRef = 326DF50118C51FDA004E1F4B /* GameLayer.cpp */; };
		326DF52B18C521B2004E1F4B /* Font_Score_Large.fnt in Resources */ = {isa = PBXBuildFile; fileRef = 326DF50518C521B2004E1F4B /* Font_Score_Large.fnt */; };
		326DF52C18C521B2004E1F4B /* Font_Score_Large.GlyphProject in Resources */ = {isa = PBXBuildFile; fileRef = 326DF50618C521B2004E1F4B /* Font_Score_Large.GlyphProject */; };
		326DF52D18C521B2004E1F4B /* Font_Score_Large.png in Resources */ = {isa = PBXBuildFile; fileRef = 326DF50718C521B2004E1F4B /* Font_Score_Large.png */; };
		326DF52E18C521B2004E1F4B /* Font_Score_Small.fnt in Resources */ = {isa = PBXBuildFile; fileRef = 326DF50818C521B2004E1F4B /* Font_Score_Small.fnt */; };
		326DF52F18C521B2004E1F4B /* Font_Score_Small.GlyphProject in Resources */ = {isa = PBXBuildFile; fileRef = 326DF50918C521B2004E1F4B /* Font_Score_Small.GlyphProject */; };
		326DF53018C521B2004E1F4B /* Font_Score_Small.png in Resources */ = {isa = PBXBuildFile; fileRef = 326DF50A18C521B2004E1F4B /* Font_Score_Small.png */; };
		326DF53118C521B2004E1F4B /* AppIcon29x29@2x.png in Resources */ = {isa = PBXBuildFile; fileRef = 326DF50C18C521B2004E1F4B /* AppIcon29x29@2x.png */; };
		326DF53218C521B2004E1F4B /* AppIcon40x40@2x.png in Resources */ = {isa = PBXBuildFile; fileRef = 326DF50D18C521B2004E1F4B /* AppIcon40x40@2x.png */; };
		326DF53318C521B2004E1F4B /* AppIcon60x60@2x.png in Resources */ = {isa = PBXBuildFile; fileRef = 326DF50E18C521B2004E1F4B /* AppIcon60x60@2x.png */; };
		326DF53418C521B2004E1F4B /* AppIcon76x76@2x.png in Resources */ = {isa = PBXBuildFile; fileRef = 326DF50F18C521B2004E1F4B /* AppIcon76x76@2x.png */; };
		326DF53518C521B2004E1F4B /* ShapeDefs.pes in Resources */ = {isa = PBXBuildFile; fileRef = 326DF51118C521B2004E1F4B /* ShapeDefs.pes */; };
		326DF53618C521B2004E1F4B /* ShapeDefs.plist in Resources */ = {isa = PBXBuildFile; fileRef = 326DF51218C521B2004E1F4B /* ShapeDefs.plist */; };
		326DF53718C521B2004E1F4B /* Perc_2.wav in Resources */ = {isa = PBXBuildFile; fileRef = 326DF51418C521B2004E1F4B /* Perc_2.wav */; };
		326DF53818C521B2004E1F4B /* Return_to_Earth.mp3 in Resources */ = {isa = PBXBuildFile; fileRef = 326DF51518C521B2004E1F4B /* Return_to_Earth.mp3 */; };
		326DF53918C521B2004E1F4B /* Shaker_2.wav in Resources */ = {isa = PBXBuildFile; fileRef = 326DF51618C521B2004E1F4B /* Shaker_2.wav */; };
		326DF53A18C521B2004E1F4B /* Default-568h@2x.png in Resources */ = {isa = PBXBuildFile; fileRef = 326DF51818C521B2004E1F4B /* Default-568h@2x.png */; };
		326DF53B18C521B2004E1F4B /* Default@2x.png in Resources */ = {isa = PBXBuildFile; fileRef = 326DF51918C521B2004E1F4B /* Default@2x.png */; };
		326DF53C18C521B2004E1F4B /* Clouds.tps in Resources */ = {isa = PBXBuildFile; fileRef = 326DF51B18C521B2004E1F4B /* Clouds.tps */; };
		326DF53D18C521B2004E1F4B /* Clouds@2x.plist in Resources */ = {isa = PBXBuildFile; fileRef = 326DF51C18C521B2004E1F4B /* Clouds@2x.plist */; };
		326DF53E18C521B2004E1F4B /* Clouds@2x.png in Resources */ = {isa = PBXBuildFile; fileRef = 326DF51D18C521B2004E1F4B /* Clouds@2x.png */; };
		326DF53F18C521B2004E1F4B /* HUD.tps in Resources */ = {isa = PBXBuildFile; fileRef = 326DF51E18C521B2004E1F4B /* HUD.tps */; };
		326DF54018C521B2004E1F4B /* HUD@2x.plist in Resources */ = {isa = PBXBuildFile; fileRef = 326DF51F18C521B2004E1F4B /* HUD@2x.plist */; };
		326DF54118C521B2004E1F4B /* HUD@2x.png in Resources */ = {isa = PBXBuildFile; fileRef = 326DF52018C521B2004E1F4B /* HUD@2x.png */; };
		326DF54218C521B2004E1F4B /* Pipe.plist in Resources */ = {isa = PBXBuildFile; fileRef = 326DF52118C521B2004E1F4B /* Pipe.plist */; };
		326DF54318C521B2004E1F4B /* Textures.tps in Resources */ = {isa = PBXBuildFile; fileRef = 326DF52218C521B2004E1F4B /* Textures.tps */; };
		326DF54418C521B2004E1F4B /* Textures@2x.plist in Resources */ = {isa = PBXBuildFile; fileRef = 326DF52318C521B2004E1F4B /* Textures@2x.plist */; };
		326DF54518C521B2004E1F4B /* Textures@2x.png in Resources */ = {isa = PBXBuildFile; fileRef = 326DF52418C521B2004E1F4B /* Textures@2x.png */; };
		326DF54618C521B2004E1F4B /* Grass.png in Resources */ = {isa = PBXBuildFile; fileRef = 326DF52618C521B2004E1F4B /* Grass.png */; };
		326DF54718C521B2004E1F4B /* Grass.tmx in Resources */ = {isa = PBXBuildFile; fileRef = 326DF52718C521B2004E1F4B /* Grass.tmx */; };
		326DF54818C521B2004E1F4B /* Pipe.ai in Resources */ = {isa = PBXBuildFile; fileRef = 326DF52818C521B2004E1F4B /* Pipe.ai */; };
		326DF54918C521B2004E1F4B /* Pipe.png in Resources */ = {isa = PBXBuildFile; fileRef = 326DF52918C521B2004E1F4B /* Pipe.png */; };
		326DF54A18C521B2004E1F4B /* Pipe.tmx in Resources */ = {isa = PBXBuildFile; fileRef = 326DF52A18C521B2004E1F4B /* Pipe.tmx */; };
		326DF54E18C52604004E1F4B /* GameSprite.cpp in Sources */ = {isa = PBXBuildFile; fileRef = 326DF54C18C52604004E1F4B /* GameSprite.cpp */; };
		326DF55118C52629004E1F4B /* Bird.cpp in Sources */ = {isa = PBXBuildFile; fileRef = 326DF54F18C52629004E1F4B /* Bird.cpp */; };
		326DF55418C52647004E1F4B /* Toucan.cpp in Sources */ = {isa = PBXBuildFile; fileRef = 326DF55218C52647004E1F4B /* Toucan.cpp */; };
		326DF55718C52667004E1F4B /* Pigeon.cpp in Sources */ = {isa = PBXBuildFile; fileRef = 326DF55518C52667004E1F4B /* Pigeon.cpp */; };
		326DF55D18C5271E004E1F4B /* GameManager.cpp in Sources */ = {isa = PBXBuildFile; fileRef = 326DF55B18C5271E004E1F4B /* GameManager.cpp */; };
		326DF56018C5276B004E1F4B /* Box2DLayer.cpp in Sources */ = {isa = PBXBuildFile; fileRef = 326DF55E18C5276B004E1F4B /* Box2DLayer.cpp */; };
		32984CB218C53D02005A62A1 /* libVendor.a in Frameworks */ = {isa = PBXBuildFile; fileRef = 32984BED18C53C91005A62A1 /* libVendor.a */; };
		BF171245129291EC00B8313A /* OpenGLES.framework in Frameworks */ = {isa = PBXBuildFile; fileRef = BF170DB012928DE900B8313A /* OpenGLES.framework */; };
		BF1712461292920000B8313A /* libxml2.dylib in Frameworks */ = {isa = PBXBuildFile; fileRef = BF170DB212928DE900B8313A /* libxml2.dylib */; };
		BF1712471292920000B8313A /* libz.dylib in Frameworks */ = {isa = PBXBuildFile; fileRef = BF170DB412928DE900B8313A /* libz.dylib */; };
		BF1C47F01293687400B63C5D /* QuartzCore.framework in Frameworks */ = {isa = PBXBuildFile; fileRef = BF1C47EA1293683800B63C5D /* QuartzCore.framework */; };
		D44C620C132DFF330009C878 /* OpenAL.framework in Frameworks */ = {isa = PBXBuildFile; fileRef = D44C620B132DFF330009C878 /* OpenAL.framework */; };
		D44C620E132DFF430009C878 /* AVFoundation.framework in Frameworks */ = {isa = PBXBuildFile; fileRef = D44C620D132DFF430009C878 /* AVFoundation.framework */; };
		D44C6210132DFF4E0009C878 /* AudioToolbox.framework in Frameworks */ = {isa = PBXBuildFile; fileRef = D44C620F132DFF4E0009C878 /* AudioToolbox.framework */; };
/* End PBXBuildFile section */

/* Begin PBXContainerItemProxy section */
		15A3D8851682F7B3002FB0C5 /* PBXContainerItemProxy */ = {
			isa = PBXContainerItemProxy;
			containerPortal = 15A3D87E1682F7B3002FB0C5 /* cocos2dx.xcodeproj */;
			proxyType = 2;
			remoteGlobalIDString = 1551A33F158F2AB200E66CFE;
			remoteInfo = cocos2dx;
		};
		15A3DA681682F881002FB0C5 /* PBXContainerItemProxy */ = {
			isa = PBXContainerItemProxy;
			containerPortal = 15A3D87E1682F7B3002FB0C5 /* cocos2dx.xcodeproj */;
			proxyType = 1;
			remoteGlobalIDString = 1551A33E158F2AB200E66CFE;
			remoteInfo = cocos2dx;
		};
		32984BEC18C53C91005A62A1 /* PBXContainerItemProxy */ = {
			isa = PBXContainerItemProxy;
			containerPortal = 32984BE718C53C90005A62A1 /* Vendor.xcodeproj */;
			proxyType = 2;
			remoteGlobalIDString = 32984BBE18C53C90005A62A1;
			remoteInfo = Vendor;
		};
		32984CB018C53CFA005A62A1 /* PBXContainerItemProxy */ = {
			isa = PBXContainerItemProxy;
			containerPortal = 32984BE718C53C90005A62A1 /* Vendor.xcodeproj */;
			proxyType = 1;
			remoteGlobalIDString = 32984BBD18C53C90005A62A1;
			remoteInfo = Vendor;
		};
/* End PBXContainerItemProxy section */

/* Begin PBXFileReference section */
		15A3D87E1682F7B3002FB0C5 /* cocos2dx.xcodeproj */ = {isa = PBXFileReference; lastKnownFileType = "wrapper.pb-project"; name = cocos2dx.xcodeproj; path = ../../../cocos2dx/proj.ios/cocos2dx.xcodeproj; sourceTree = "<group>"; };
		1AC3624216D4A1E8000847F2 /* AppController.h */ = {isa = PBXFileReference; fileEncoding = 4; lastKnownFileType = sourcecode.c.h; path = AppController.h; sourceTree = SOURCE_ROOT; };
		1AC3624316D4A1E8000847F2 /* AppController.mm */ = {isa = PBXFileReference; fileEncoding = 4; lastKnownFileType = sourcecode.cpp.objcpp; path = AppController.mm; sourceTree = SOURCE_ROOT; };
		1AC3624516D4A1E8000847F2 /* main.m */ = {isa = PBXFileReference; fileEncoding = 4; lastKnownFileType = sourcecode.c.objc; path = main.m; sourceTree = SOURCE_ROOT; };
		1AC3624616D4A1E8000847F2 /* Prefix.pch */ = {isa = PBXFileReference; fileEncoding = 4; lastKnownFileType = sourcecode.c.h; path = Prefix.pch; sourceTree = SOURCE_ROOT; };
		1ACB3243164770DE00914215 /* libcurl.a */ = {isa = PBXFileReference; lastKnownFileType = archive.ar; name = libcurl.a; path = ../../cocos2dx/platform/third_party/ios/libraries/libcurl.a; sourceTree = "<group>"; };
		1AFAF8B516D35DE700DB1158 /* HelloWorldScene.cpp */ = {isa = PBXFileReference; fileEncoding = 4; lastKnownFileType = sourcecode.cpp.cpp; name = HelloWorldScene.cpp; path = ../Classes/HelloWorldScene.cpp; sourceTree = "<group>"; };
		1AFAF8B616D35DE700DB1158 /* HelloWorldScene.h */ = {isa = PBXFileReference; fileEncoding = 4; lastKnownFileType = sourcecode.c.h; name = HelloWorldScene.h; path = ../Classes/HelloWorldScene.h; sourceTree = "<group>"; };
		1AFCDA8016D4A25900906EA6 /* RootViewController.h */ = {isa = PBXFileReference; fileEncoding = 4; lastKnownFileType = sourcecode.c.h; path = RootViewController.h; sourceTree = SOURCE_ROOT; };
		1AFCDA8116D4A25900906EA6 /* RootViewController.mm */ = {isa = PBXFileReference; fileEncoding = 4; lastKnownFileType = sourcecode.cpp.objcpp; path = RootViewController.mm; sourceTree = SOURCE_ROOT; };
		1D30AB110D05D00D00671497 /* Foundation.framework */ = {isa = PBXFileReference; lastKnownFileType = wrapper.framework; name = Foundation.framework; path = System/Library/Frameworks/Foundation.framework; sourceTree = SDKROOT; };
		1D6058910D05DD3D006BFB54 /* WonkyBird.app */ = {isa = PBXFileReference; explicitFileType = wrapper.application; includeInIndex = 0; path = WonkyBird.app; sourceTree = BUILT_PRODUCTS_DIR; };
		1DF5F4DF0D08C38300B7A737 /* UIKit.framework */ = {isa = PBXFileReference; lastKnownFileType = wrapper.framework; name = UIKit.framework; path = System/Library/Frameworks/UIKit.framework; sourceTree = SDKROOT; };
		288765A40DF7441C002DB57D /* CoreGraphics.framework */ = {isa = PBXFileReference; lastKnownFileType = wrapper.framework; name = CoreGraphics.framework; path = System/Library/Frameworks/CoreGraphics.framework; sourceTree = SDKROOT; };
		321D602118C559CA003921FC /* Box2DItem.cpp */ = {isa = PBXFileReference; fileEncoding = 4; lastKnownFileType = sourcecode.cpp.cpp; path = Box2DItem.cpp; sourceTree = "<group>"; };
		321D602218C559CA003921FC /* Box2DItem.h */ = {isa = PBXFileReference; fileEncoding = 4; lastKnownFileType = sourcecode.c.h; path = Box2DItem.h; sourceTree = "<group>"; };
		321D602A18C55D9F003921FC /* GLES-Render.cpp */ = {isa = PBXFileReference; fileEncoding = 4; lastKnownFileType = sourcecode.cpp.cpp; path = "GLES-Render.cpp"; sourceTree = "<group>"; };
		321D602B18C55D9F003921FC /* GLES-Render.h */ = {isa = PBXFileReference; fileEncoding = 4; lastKnownFileType = sourcecode.c.h; path = "GLES-Render.h"; sourceTree = "<group>"; };
		32231E0F18C5CA5B0097167F /* ReflectiveClass.cpp */ = {isa = PBXFileReference; fileEncoding = 4; lastKnownFileType = sourcecode.cpp.cpp; path = ReflectiveClass.cpp; sourceTree = "<group>"; };
		32231E1018C5CA5B0097167F /* ReflectiveClass.h */ = {isa = PBXFileReference; fileEncoding = 4; lastKnownFileType = sourcecode.c.h; path = ReflectiveClass.h; sourceTree = "<group>"; };
		32231E1818C5DB3A0097167F /* SimpleAudioEngine.mm */ = {isa = PBXFileReference; fileEncoding = 4; lastKnownFileType = sourcecode.cpp.objcpp; name = SimpleAudioEngine.mm; path = Vendor/CocosDenshion/ios/SimpleAudioEngine.mm; sourceTree = "<group>"; };
		32231E1A18C5DE420097167F /* CCUniquePtr.h */ = {isa = PBXFileReference; lastKnownFileType = sourcecode.c.h; path = CCUniquePtr.h; sourceTree = "<group>"; };
		32231E1B18C5EC320097167F /* Pipe.cpp */ = {isa = PBXFileReference; fileEncoding = 4; lastKnownFileType = sourcecode.cpp.cpp; path = Pipe.cpp; sourceTree = "<group>"; };
		32231E1C18C5EC320097167F /* Pipe.h */ = {isa = PBXFileReference; fileEncoding = 4; lastKnownFileType = sourcecode.c.h; path = Pipe.h; sourceTree = "<group>"; };
		32231E1E18C5F49E0097167F /* TiledMapWithBox2D.cpp */ = {isa = PBXFileReference; fileEncoding = 4; lastKnownFileType = sourcecode.cpp.cpp; path = TiledMapWithBox2D.cpp; sourceTree = "<group>"; };
		32231E1F18C5F49E0097167F /* TiledMapWithBox2D.h */ = {isa = PBXFileReference; fileEncoding = 4; lastKnownFileType = sourcecode.c.h; path = TiledMapWithBox2D.h; sourceTree = "<group>"; };
		326DF4DF18C510FC004E1F4B /* Background@2x.png */ = {isa = PBXFileReference; lastKnownFileType = image.png; path = "Background@2x.png"; sourceTree = "<group>"; };
		326DF4E018C510FC004E1F4B /* Background_Night@2x.png */ = {isa = PBXFileReference; lastKnownFileType = image.png; path = "Background_Night@2x.png"; sourceTree = "<group>"; };
		326DF4E118C510FC004E1F4B /* Background_Toucan@2x.png */ = {isa = PBXFileReference; lastKnownFileType = image.png; path = "Background_Toucan@2x.png"; sourceTree = "<group>"; };
		326DF4E618C51708004E1F4B /* Constants.h */ = {isa = PBXFileReference; lastKnownFileType = sourcecode.c.h; name = Constants.h; path = ../Classes/Singletons/Constants.h; sourceTree = "<group>"; };
		326DF4E718C51A98004E1F4B /* AppDelegate.cpp */ = {isa = PBXFileReference; fileEncoding = 4; lastKnownFileType = sourcecode.cpp.cpp; path = AppDelegate.cpp; sourceTree = "<group>"; };
		326DF4E818C51A98004E1F4B /* AppDelegate.h */ = {isa = PBXFileReference; fileEncoding = 4; lastKnownFileType = sourcecode.c.h; path = AppDelegate.h; sourceTree = "<group>"; };
		326DF4EB18C51AA0004E1F4B /* MainScene.cpp */ = {isa = PBXFileReference; fileEncoding = 4; lastKnownFileType = sourcecode.cpp.cpp; path = MainScene.cpp; sourceTree = "<group>"; };
		326DF4EC18C51AA0004E1F4B /* MainScene.h */ = {isa = PBXFileReference; fileEncoding = 4; lastKnownFileType = sourcecode.c.h; path = MainScene.h; sourceTree = "<group>"; };
		326DF4ED18C51AA0004E1F4B /* StaticBackgroundLayer.cpp */ = {isa = PBXFileReference; fileEncoding = 4; lastKnownFileType = sourcecode.cpp.cpp; path = StaticBackgroundLayer.cpp; sourceTree = "<group>"; };
		326DF4EE18C51AA0004E1F4B /* StaticBackgroundLayer.h */ = {isa = PBXFileReference; fileEncoding = 4; lastKnownFileType = sourcecode.c.h; path = StaticBackgroundLayer.h; sourceTree = "<group>"; };
		326DF4F718C51E2E004E1F4B /* ScrollingBackgroundLayer.cpp */ = {isa = PBXFileReference; fileEncoding = 4; lastKnownFileType = sourcecode.cpp.cpp; path = ScrollingBackgroundLayer.cpp; sourceTree = "<group>"; };
		326DF4F818C51E2E004E1F4B /* ScrollingBackgroundLayer.h */ = {isa = PBXFileReference; fileEncoding = 4; lastKnownFileType = sourcecode.c.h; path = ScrollingBackgroundLayer.h; sourceTree = "<group>"; };
		326DF4FA18C51EAB004E1F4B /* GameplayLayer.cpp */ = {isa = PBXFileReference; fileEncoding = 4; lastKnownFileType = sourcecode.cpp.cpp; path = GameplayLayer.cpp; sourceTree = "<group>"; };
		326DF4FB18C51EAB004E1F4B /* GameplayLayer.h */ = {isa = PBXFileReference; fileEncoding = 4; lastKnownFileType = sourcecode.c.h; path = GameplayLayer.h; sourceTree = "<group>"; };
		326DF4FD18C51EB6004E1F4B /* HUDLayer.cpp */ = {isa = PBXFileReference; fileEncoding = 4; lastKnownFileType = sourcecode.cpp.cpp; path = HUDLayer.cpp; sourceTree = "<group>"; };
		326DF4FE18C51EB6004E1F4B /* HUDLayer.h */ = {isa = PBXFileReference; fileEncoding = 4; lastKnownFileType = sourcecode.c.h; path = HUDLayer.h; sourceTree = "<group>"; };
		326DF50118C51FDA004E1F4B /* GameLayer.cpp */ = {isa = PBXFileReference; fileEncoding = 4; lastKnownFileType = sourcecode.cpp.cpp; path = GameLayer.cpp; sourceTree = "<group>"; };
		326DF50218C51FDA004E1F4B /* GameLayer.h */ = {isa = PBXFileReference; fileEncoding = 4; lastKnownFileType = sourcecode.c.h; path = GameLayer.h; sourceTree = "<group>"; };
		326DF50518C521B2004E1F4B /* Font_Score_Large.fnt */ = {isa = PBXFileReference; fileEncoding = 4; lastKnownFileType = text; path = Font_Score_Large.fnt; sourceTree = "<group>"; };
		326DF50618C521B2004E1F4B /* Font_Score_Large.GlyphProject */ = {isa = PBXFileReference; lastKnownFileType = file.bplist; path = Font_Score_Large.GlyphProject; sourceTree = "<group>"; };
		326DF50718C521B2004E1F4B /* Font_Score_Large.png */ = {isa = PBXFileReference; lastKnownFileType = image.png; path = Font_Score_Large.png; sourceTree = "<group>"; };
		326DF50818C521B2004E1F4B /* Font_Score_Small.fnt */ = {isa = PBXFileReference; fileEncoding = 4; lastKnownFileType = text; path = Font_Score_Small.fnt; sourceTree = "<group>"; };
		326DF50918C521B2004E1F4B /* Font_Score_Small.GlyphProject */ = {isa = PBXFileReference; lastKnownFileType = file.bplist; path = Font_Score_Small.GlyphProject; sourceTree = "<group>"; };
		326DF50A18C521B2004E1F4B /* Font_Score_Small.png */ = {isa = PBXFileReference; lastKnownFileType = image.png; path = Font_Score_Small.png; sourceTree = "<group>"; };
		326DF50C18C521B2004E1F4B /* AppIcon29x29@2x.png */ = {isa = PBXFileReference; lastKnownFileType = image.png; path = "AppIcon29x29@2x.png"; sourceTree = "<group>"; };
		326DF50D18C521B2004E1F4B /* AppIcon40x40@2x.png */ = {isa = PBXFileReference; lastKnownFileType = image.png; path = "AppIcon40x40@2x.png"; sourceTree = "<group>"; };
		326DF50E18C521B2004E1F4B /* AppIcon60x60@2x.png */ = {isa = PBXFileReference; lastKnownFileType = image.png; path = "AppIcon60x60@2x.png"; sourceTree = "<group>"; };
		326DF50F18C521B2004E1F4B /* AppIcon76x76@2x.png */ = {isa = PBXFileReference; lastKnownFileType = image.png; path = "AppIcon76x76@2x.png"; sourceTree = "<group>"; };
		326DF51118C521B2004E1F4B /* ShapeDefs.pes */ = {isa = PBXFileReference; lastKnownFileType = file; path = ShapeDefs.pes; sourceTree = "<group>"; };
		326DF51218C521B2004E1F4B /* ShapeDefs.plist */ = {isa = PBXFileReference; fileEncoding = 4; lastKnownFileType = text.plist.xml; path = ShapeDefs.plist; sourceTree = "<group>"; };
		326DF51418C521B2004E1F4B /* Perc_2.wav */ = {isa = PBXFileReference; lastKnownFileType = audio.wav; path = Perc_2.wav; sourceTree = "<group>"; };
		326DF51518C521B2004E1F4B /* Return_to_Earth.mp3 */ = {isa = PBXFileReference; lastKnownFileType = audio.mp3; path = Return_to_Earth.mp3; sourceTree = "<group>"; };
		326DF51618C521B2004E1F4B /* Shaker_2.wav */ = {isa = PBXFileReference; lastKnownFileType = audio.wav; path = Shaker_2.wav; sourceTree = "<group>"; };
		326DF51818C521B2004E1F4B /* Default-568h@2x.png */ = {isa = PBXFileReference; lastKnownFileType = image.png; path = "Default-568h@2x.png"; sourceTree = "<group>"; };
		326DF51918C521B2004E1F4B /* Default@2x.png */ = {isa = PBXFileReference; lastKnownFileType = image.png; path = "Default@2x.png"; sourceTree = "<group>"; };
		326DF51B18C521B2004E1F4B /* Clouds.tps */ = {isa = PBXFileReference; fileEncoding = 4; lastKnownFileType = text.xml; path = Clouds.tps; sourceTree = "<group>"; };
		326DF51C18C521B2004E1F4B /* Clouds@2x.plist */ = {isa = PBXFileReference; fileEncoding = 4; lastKnownFileType = text.plist.xml; path = "Clouds@2x.plist"; sourceTree = "<group>"; };
		326DF51D18C521B2004E1F4B /* Clouds@2x.png */ = {isa = PBXFileReference; lastKnownFileType = image.png; path = "Clouds@2x.png"; sourceTree = "<group>"; };
		326DF51E18C521B2004E1F4B /* HUD.tps */ = {isa = PBXFileReference; fileEncoding = 4; lastKnownFileType = text.xml; path = HUD.tps; sourceTree = "<group>"; };
		326DF51F18C521B2004E1F4B /* HUD@2x.plist */ = {isa = PBXFileReference; fileEncoding = 4; lastKnownFileType = text.plist.xml; path = "HUD@2x.plist"; sourceTree = "<group>"; };
		326DF52018C521B2004E1F4B /* HUD@2x.png */ = {isa = PBXFileReference; lastKnownFileType = image.png; path = "HUD@2x.png"; sourceTree = "<group>"; };
		326DF52118C521B2004E1F4B /* Pipe.plist */ = {isa = PBXFileReference; fileEncoding = 4; lastKnownFileType = text.plist.xml; path = Pipe.plist; sourceTree = "<group>"; };
		326DF52218C521B2004E1F4B /* Textures.tps */ = {isa = PBXFileReference; fileEncoding = 4; lastKnownFileType = text.xml; path = Textures.tps; sourceTree = "<group>"; };
		326DF52318C521B2004E1F4B /* Textures@2x.plist */ = {isa = PBXFileReference; fileEncoding = 4; lastKnownFileType = text.plist.xml; path = "Textures@2x.plist"; sourceTree = "<group>"; };
		326DF52418C521B2004E1F4B /* Textures@2x.png */ = {isa = PBXFileReference; lastKnownFileType = image.png; path = "Textures@2x.png"; sourceTree = "<group>"; };
		326DF52618C521B2004E1F4B /* Grass.png */ = {isa = PBXFileReference; lastKnownFileType = image.png; path = Grass.png; sourceTree = "<group>"; };
		326DF52718C521B2004E1F4B /* Grass.tmx */ = {isa = PBXFileReference; fileEncoding = 4; lastKnownFileType = text.xml; path = Grass.tmx; sourceTree = "<group>"; };
		326DF52818C521B2004E1F4B /* Pipe.ai */ = {isa = PBXFileReference; fileEncoding = 4; lastKnownFileType = text; path = Pipe.ai; sourceTree = "<group>"; };
		326DF52918C521B2004E1F4B /* Pipe.png */ = {isa = PBXFileReference; lastKnownFileType = image.png; path = Pipe.png; sourceTree = "<group>"; };
		326DF52A18C521B2004E1F4B /* Pipe.tmx */ = {isa = PBXFileReference; fileEncoding = 4; lastKnownFileType = text.xml; path = Pipe.tmx; sourceTree = "<group>"; };
		326DF54C18C52604004E1F4B /* GameSprite.cpp */ = {isa = PBXFileReference; fileEncoding = 4; lastKnownFileType = sourcecode.cpp.cpp; path = GameSprite.cpp; sourceTree = "<group>"; };
		326DF54D18C52604004E1F4B /* GameSprite.h */ = {isa = PBXFileReference; fileEncoding = 4; lastKnownFileType = sourcecode.c.h; path = GameSprite.h; sourceTree = "<group>"; };
		326DF54F18C52629004E1F4B /* Bird.cpp */ = {isa = PBXFileReference; fileEncoding = 4; lastKnownFileType = sourcecode.cpp.cpp; path = Bird.cpp; sourceTree = "<group>"; };
		326DF55018C52629004E1F4B /* Bird.h */ = {isa = PBXFileReference; fileEncoding = 4; lastKnownFileType = sourcecode.c.h; path = Bird.h; sourceTree = "<group>"; };
		326DF55218C52647004E1F4B /* Toucan.cpp */ = {isa = PBXFileReference; fileEncoding = 4; lastKnownFileType = sourcecode.cpp.cpp; path = Toucan.cpp; sourceTree = "<group>"; };
		326DF55318C52647004E1F4B /* Toucan.h */ = {isa = PBXFileReference; fileEncoding = 4; lastKnownFileType = sourcecode.c.h; path = Toucan.h; sourceTree = "<group>"; };
		326DF55518C52667004E1F4B /* Pigeon.cpp */ = {isa = PBXFileReference; fileEncoding = 4; lastKnownFileType = sourcecode.cpp.cpp; path = Pigeon.cpp; sourceTree = "<group>"; };
		326DF55618C52667004E1F4B /* Pigeon.h */ = {isa = PBXFileReference; fileEncoding = 4; lastKnownFileType = sourcecode.c.h; path = Pigeon.h; sourceTree = "<group>"; };
		326DF55B18C5271E004E1F4B /* GameManager.cpp */ = {isa = PBXFileReference; fileEncoding = 4; lastKnownFileType = sourcecode.cpp.cpp; path = GameManager.cpp; sourceTree = "<group>"; };
		326DF55C18C5271E004E1F4B /* GameManager.h */ = {isa = PBXFileReference; fileEncoding = 4; lastKnownFileType = sourcecode.c.h; path = GameManager.h; sourceTree = "<group>"; };
		326DF55E18C5276B004E1F4B /* Box2DLayer.cpp */ = {isa = PBXFileReference; fileEncoding = 4; lastKnownFileType = sourcecode.cpp.cpp; path = Box2DLayer.cpp; sourceTree = "<group>"; };
		326DF55F18C5276B004E1F4B /* Box2DLayer.h */ = {isa = PBXFileReference; fileEncoding = 4; lastKnownFileType = sourcecode.c.h; path = Box2DLayer.h; sourceTree = "<group>"; };
		32984BE718C53C90005A62A1 /* Vendor.xcodeproj */ = {isa = PBXFileReference; lastKnownFileType = "wrapper.pb-project"; name = Vendor.xcodeproj; path = Vendor/Vendor.xcodeproj; sourceTree = "<group>"; };
		BF170DB012928DE900B8313A /* OpenGLES.framework */ = {isa = PBXFileReference; lastKnownFileType = wrapper.framework; name = OpenGLES.framework; path = System/Library/Frameworks/OpenGLES.framework; sourceTree = SDKROOT; };
		BF170DB212928DE900B8313A /* libxml2.dylib */ = {isa = PBXFileReference; lastKnownFileType = "compiled.mach-o.dylib"; name = libxml2.dylib; path = usr/lib/libxml2.dylib; sourceTree = SDKROOT; };
		BF170DB412928DE900B8313A /* libz.dylib */ = {isa = PBXFileReference; lastKnownFileType = "compiled.mach-o.dylib"; name = libz.dylib; path = usr/lib/libz.dylib; sourceTree = SDKROOT; };
		BF1C47EA1293683800B63C5D /* QuartzCore.framework */ = {isa = PBXFileReference; lastKnownFileType = wrapper.framework; name = QuartzCore.framework; path = System/Library/Frameworks/QuartzCore.framework; sourceTree = SDKROOT; };
		D44C620B132DFF330009C878 /* OpenAL.framework */ = {isa = PBXFileReference; lastKnownFileType = wrapper.framework; name = OpenAL.framework; path = System/Library/Frameworks/OpenAL.framework; sourceTree = SDKROOT; };
		D44C620D132DFF430009C878 /* AVFoundation.framework */ = {isa = PBXFileReference; lastKnownFileType = wrapper.framework; name = AVFoundation.framework; path = System/Library/Frameworks/AVFoundation.framework; sourceTree = SDKROOT; };
		D44C620F132DFF4E0009C878 /* AudioToolbox.framework */ = {isa = PBXFileReference; lastKnownFileType = wrapper.framework; name = AudioToolbox.framework; path = System/Library/Frameworks/AudioToolbox.framework; sourceTree = SDKROOT; };
		D4F9F37B12E54555005CA6D2 /* Info.plist */ = {isa = PBXFileReference; fileEncoding = 4; lastKnownFileType = text.plist.xml; path = Info.plist; sourceTree = SOURCE_ROOT; };
/* End PBXFileReference section */

/* Begin PBXFrameworksBuildPhase section */
		1D60588F0D05DD3D006BFB54 /* Frameworks */ = {
			isa = PBXFrameworksBuildPhase;
			buildActionMask = 2147483647;
			files = (
				32984CB218C53D02005A62A1 /* libVendor.a in Frameworks */,
				15A3DA6A1682F886002FB0C5 /* libcocos2dx.a in Frameworks */,
				1ACB3244164770DE00914215 /* libcurl.a in Frameworks */,
				1D60589F0D05DD5A006BFB54 /* Foundation.framework in Frameworks */,
				1DF5F4E00D08C38300B7A737 /* UIKit.framework in Frameworks */,
				288765A50DF7441C002DB57D /* CoreGraphics.framework in Frameworks */,
				BF171245129291EC00B8313A /* OpenGLES.framework in Frameworks */,
				BF1712461292920000B8313A /* libxml2.dylib in Frameworks */,
				BF1712471292920000B8313A /* libz.dylib in Frameworks */,
				BF1C47F01293687400B63C5D /* QuartzCore.framework in Frameworks */,
				D44C620C132DFF330009C878 /* OpenAL.framework in Frameworks */,
				D44C620E132DFF430009C878 /* AVFoundation.framework in Frameworks */,
				D44C6210132DFF4E0009C878 /* AudioToolbox.framework in Frameworks */,
			);
			runOnlyForDeploymentPostprocessing = 0;
		};
/* End PBXFrameworksBuildPhase section */

/* Begin PBXGroup section */
		080E96DDFE201D6D7F000001 /* ios */ = {
			isa = PBXGroup;
			children = (
				1AC3624216D4A1E8000847F2 /* AppController.h */,
				1AC3624316D4A1E8000847F2 /* AppController.mm */,
				D4F9F37B12E54555005CA6D2 /* Info.plist */,
				1AC3624516D4A1E8000847F2 /* main.m */,
				1AFCDA8016D4A25900906EA6 /* RootViewController.h */,
				1AFCDA8116D4A25900906EA6 /* RootViewController.mm */,
			);
			name = ios;
			path = Classes;
			sourceTree = "<group>";
		};
		15A3D87F1682F7B3002FB0C5 /* Products */ = {
			isa = PBXGroup;
			children = (
				15A3D8861682F7B3002FB0C5 /* libcocos2dx.a */,
			);
			name = Products;
			sourceTree = "<group>";
		};
		15AA9C4015B7EC450033D6C2 /* Classes */ = {
			isa = PBXGroup;
			children = (
				326DF50018C51FC3004E1F4B /* Abstract */,
				326DF4E518C516F1004E1F4B /* Singletons */,
				326DF54B18C525E2004E1F4B /* GameObjects */,
				326DF4EA18C51AA0004E1F4B /* Scene */,
				1AFAF8B616D35DE700DB1158 /* HelloWorldScene.h */,
				1AFAF8B516D35DE700DB1158 /* HelloWorldScene.cpp */,
			);
			name = Classes;
			path = ../classes;
			sourceTree = "<group>";
		};
		19C28FACFE9D520D11CA2CBB /* Products */ = {
			isa = PBXGroup;
			children = (
				1D6058910D05DD3D006BFB54 /* WonkyBird.app */,
			);
			name = Products;
			sourceTree = "<group>";
		};
		29B97314FDCFA39411CA2CEA /* CustomTemplate */ = {
			isa = PBXGroup;
			children = (
				1AC3624616D4A1E8000847F2 /* Prefix.pch */,
				326DF4E618C51708004E1F4B /* Constants.h */,
				15AA9C4015B7EC450033D6C2 /* Classes */,
				32231E1818C5DB3A0097167F /* SimpleAudioEngine.mm */,
				29B97323FDCFA39411CA2CEA /* Frameworks */,
				080E96DDFE201D6D7F000001 /* ios */,
				32984BE718C53C90005A62A1 /* Vendor.xcodeproj */,
				15A3D87E1682F7B3002FB0C5 /* cocos2dx.xcodeproj */,
				19C28FACFE9D520D11CA2CBB /* Products */,
				78C7DDAA14EBA5050085D0C2 /* Resources */,
			);
			name = CustomTemplate;
			sourceTree = "<group>";
		};
		29B97323FDCFA39411CA2CEA /* Frameworks */ = {
			isa = PBXGroup;
			children = (
				1ACB3243164770DE00914215 /* libcurl.a */,
				BF170DB212928DE900B8313A /* libxml2.dylib */,
				BF170DB412928DE900B8313A /* libz.dylib */,
				D44C620F132DFF4E0009C878 /* AudioToolbox.framework */,
				D44C620D132DFF430009C878 /* AVFoundation.framework */,
				288765A40DF7441C002DB57D /* CoreGraphics.framework */,
				1D30AB110D05D00D00671497 /* Foundation.framework */,
				D44C620B132DFF330009C878 /* OpenAL.framework */,
				BF170DB012928DE900B8313A /* OpenGLES.framework */,
				BF1C47EA1293683800B63C5D /* QuartzCore.framework */,
				1DF5F4DF0D08C38300B7A737 /* UIKit.framework */,
			);
			name = Frameworks;
			sourceTree = "<group>";
		};
		326DF4DE18C510FC004E1F4B /* Images */ = {
			isa = PBXGroup;
			children = (
				326DF4DF18C510FC004E1F4B /* Background@2x.png */,
				326DF4E018C510FC004E1F4B /* Background_Night@2x.png */,
				326DF4E118C510FC004E1F4B /* Background_Toucan@2x.png */,
			);
			path = Images;
			sourceTree = "<group>";
		};
		326DF4E518C516F1004E1F4B /* Singletons */ = {
			isa = PBXGroup;
			children = (
				326DF4E818C51A98004E1F4B /* AppDelegate.h */,
				326DF4E718C51A98004E1F4B /* AppDelegate.cpp */,
				326DF55C18C5271E004E1F4B /* GameManager.h */,
				326DF55B18C5271E004E1F4B /* GameManager.cpp */,
			);
			name = Singletons;
			path = ../Classes/Singletons;
			sourceTree = "<group>";
		};
		326DF4EA18C51AA0004E1F4B /* Scene */ = {
			isa = PBXGroup;
			children = (
				326DF4EC18C51AA0004E1F4B /* MainScene.h */,
				326DF4EB18C51AA0004E1F4B /* MainScene.cpp */,
				326DF4EE18C51AA0004E1F4B /* StaticBackgroundLayer.h */,
				326DF4ED18C51AA0004E1F4B /* StaticBackgroundLayer.cpp */,
				326DF4F818C51E2E004E1F4B /* ScrollingBackgroundLayer.h */,
				326DF4F718C51E2E004E1F4B /* ScrollingBackgroundLayer.cpp */,
				326DF4FB18C51EAB004E1F4B /* GameplayLayer.h */,
				326DF4FA18C51EAB004E1F4B /* GameplayLayer.cpp */,
				326DF4FE18C51EB6004E1F4B /* HUDLayer.h */,
				326DF4FD18C51EB6004E1F4B /* HUDLayer.cpp */,
			);
			name = Scene;
			path = ../Classes/Scene;
			sourceTree = "<group>";
		};
		326DF50018C51FC3004E1F4B /* Abstract */ = {
			isa = PBXGroup;
			children = (
				321D602B18C55D9F003921FC /* GLES-Render.h */,
				321D602A18C55D9F003921FC /* GLES-Render.cpp */,
				326DF50218C51FDA004E1F4B /* GameLayer.h */,
				326DF50118C51FDA004E1F4B /* GameLayer.cpp */,
				326DF54D18C52604004E1F4B /* GameSprite.h */,
				326DF54C18C52604004E1F4B /* GameSprite.cpp */,
				326DF55F18C5276B004E1F4B /* Box2DLayer.h */,
				326DF55E18C5276B004E1F4B /* Box2DLayer.cpp */,
				321D602218C559CA003921FC /* Box2DItem.h */,
				321D602118C559CA003921FC /* Box2DItem.cpp */,
				32231E1018C5CA5B0097167F /* ReflectiveClass.h */,
				32231E0F18C5CA5B0097167F /* ReflectiveClass.cpp */,
				32231E1A18C5DE420097167F /* CCUniquePtr.h */,
				32231E1F18C5F49E0097167F /* TiledMapWithBox2D.h */,
				32231E1E18C5F49E0097167F /* TiledMapWithBox2D.cpp */,
			);
			name = Abstract;
			path = ../Classes/Abstract;
			sourceTree = "<group>";
		};
		326DF50418C521B2004E1F4B /* Fonts */ = {
			isa = PBXGroup;
			children = (
				326DF50518C521B2004E1F4B /* Font_Score_Large.fnt */,
				326DF50618C521B2004E1F4B /* Font_Score_Large.GlyphProject */,
				326DF50718C521B2004E1F4B /* Font_Score_Large.png */,
				326DF50818C521B2004E1F4B /* Font_Score_Small.fnt */,
				326DF50918C521B2004E1F4B /* Font_Score_Small.GlyphProject */,
				326DF50A18C521B2004E1F4B /* Font_Score_Small.png */,
			);
			path = Fonts;
			sourceTree = "<group>";
		};
		326DF50B18C521B2004E1F4B /* Icons */ = {
			isa = PBXGroup;
			children = (
				326DF50C18C521B2004E1F4B /* AppIcon29x29@2x.png */,
				326DF50D18C521B2004E1F4B /* AppIcon40x40@2x.png */,
				326DF50E18C521B2004E1F4B /* AppIcon60x60@2x.png */,
				326DF50F18C521B2004E1F4B /* AppIcon76x76@2x.png */,
			);
			path = Icons;
			sourceTree = "<group>";
		};
		326DF51018C521B2004E1F4B /* ShapeDefs */ = {
			isa = PBXGroup;
			children = (
				326DF51118C521B2004E1F4B /* ShapeDefs.pes */,
				326DF51218C521B2004E1F4B /* ShapeDefs.plist */,
			);
			path = ShapeDefs;
			sourceTree = "<group>";
		};
		326DF51318C521B2004E1F4B /* Sounds */ = {
			isa = PBXGroup;
			children = (
				326DF51418C521B2004E1F4B /* Perc_2.wav */,
				326DF51518C521B2004E1F4B /* Return_to_Earth.mp3 */,
				326DF51618C521B2004E1F4B /* Shaker_2.wav */,
			);
			path = Sounds;
			sourceTree = "<group>";
		};
		326DF51718C521B2004E1F4B /* SplashScreens */ = {
			isa = PBXGroup;
			children = (
				326DF51818C521B2004E1F4B /* Default-568h@2x.png */,
				326DF51918C521B2004E1F4B /* Default@2x.png */,
			);
			path = SplashScreens;
			sourceTree = "<group>";
		};
		326DF51A18C521B2004E1F4B /* TextureAtlases */ = {
			isa = PBXGroup;
			children = (
				326DF51B18C521B2004E1F4B /* Clouds.tps */,
				326DF51C18C521B2004E1F4B /* Clouds@2x.plist */,
				326DF51D18C521B2004E1F4B /* Clouds@2x.png */,
				326DF51E18C521B2004E1F4B /* HUD.tps */,
				326DF51F18C521B2004E1F4B /* HUD@2x.plist */,
				326DF52018C521B2004E1F4B /* HUD@2x.png */,
				326DF52118C521B2004E1F4B /* Pipe.plist */,
				326DF52218C521B2004E1F4B /* Textures.tps */,
				326DF52318C521B2004E1F4B /* Textures@2x.plist */,
				326DF52418C521B2004E1F4B /* Textures@2x.png */,
			);
			path = TextureAtlases;
			sourceTree = "<group>";
		};
		326DF52518C521B2004E1F4B /* TileMaps */ = {
			isa = PBXGroup;
			children = (
				326DF52618C521B2004E1F4B /* Grass.png */,
				326DF52718C521B2004E1F4B /* Grass.tmx */,
				326DF52818C521B2004E1F4B /* Pipe.ai */,
				326DF52918C521B2004E1F4B /* Pipe.png */,
				326DF52A18C521B2004E1F4B /* Pipe.tmx */,
			);
			path = TileMaps;
			sourceTree = "<group>";
		};
		326DF54B18C525E2004E1F4B /* GameObjects */ = {
			isa = PBXGroup;
			children = (
				326DF55018C52629004E1F4B /* Bird.h */,
				326DF54F18C52629004E1F4B /* Bird.cpp */,
				326DF55318C52647004E1F4B /* Toucan.h */,
				326DF55218C52647004E1F4B /* Toucan.cpp */,
				326DF55618C52667004E1F4B /* Pigeon.h */,
				326DF55518C52667004E1F4B /* Pigeon.cpp */,
				32231E1C18C5EC320097167F /* Pipe.h */,
				32231E1B18C5EC320097167F /* Pipe.cpp */,
			);
			name = GameObjects;
			path = ../Classes/GameObjects;
			sourceTree = "<group>";
		};
		32984BE818C53C90005A62A1 /* Products */ = {
			isa = PBXGroup;
			children = (
				32984BED18C53C91005A62A1 /* libVendor.a */,
			);
			name = Products;
			sourceTree = "<group>";
		};
		78C7DDAA14EBA5050085D0C2 /* Resources */ = {
			isa = PBXGroup;
			children = (
				326DF4DE18C510FC004E1F4B /* Images */,
				326DF50418C521B2004E1F4B /* Fonts */,
				326DF50B18C521B2004E1F4B /* Icons */,
				326DF51018C521B2004E1F4B /* ShapeDefs */,
				326DF51318C521B2004E1F4B /* Sounds */,
				326DF51718C521B2004E1F4B /* SplashScreens */,
				326DF51A18C521B2004E1F4B /* TextureAtlases */,
				326DF52518C521B2004E1F4B /* TileMaps */,
			);
			name = Resources;
			path = ../Resources;
			sourceTree = "<group>";
		};
/* End PBXGroup section */

/* Begin PBXNativeTarget section */
		1D6058900D05DD3D006BFB54 /* WonkyBird */ = {
			isa = PBXNativeTarget;
			buildConfigurationList = 1D6058960D05DD3E006BFB54 /* Build configuration list for PBXNativeTarget "WonkyBird" */;
			buildPhases = (
				1D60588D0D05DD3D006BFB54 /* Resources */,
				1D60588E0D05DD3D006BFB54 /* Sources */,
				1D60588F0D05DD3D006BFB54 /* Frameworks */,
			);
			buildRules = (
			);
			dependencies = (
				32984CB118C53CFA005A62A1 /* PBXTargetDependency */,
				15A3DA691682F881002FB0C5 /* PBXTargetDependency */,
			);
			name = WonkyBird;
			productName = iphone;
			productReference = 1D6058910D05DD3D006BFB54 /* WonkyBird.app */;
			productType = "com.apple.product-type.application";
		};
/* End PBXNativeTarget section */

/* Begin PBXProject section */
		29B97313FDCFA39411CA2CEA /* Project object */ = {
			isa = PBXProject;
			attributes = {
				LastUpgradeCheck = 0500;
			};
			buildConfigurationList = C01FCF4E08A954540054247B /* Build configuration list for PBXProject "WonkyBird" */;
			compatibilityVersion = "Xcode 3.2";
			developmentRegion = English;
			hasScannedForEncodings = 1;
			knownRegions = (
				English,
				Japanese,
				French,
				German,
			);
			mainGroup = 29B97314FDCFA39411CA2CEA /* CustomTemplate */;
			projectDirPath = "";
			projectReferences = (
				{
					ProductGroup = 15A3D87F1682F7B3002FB0C5 /* Products */;
					ProjectRef = 15A3D87E1682F7B3002FB0C5 /* cocos2dx.xcodeproj */;
				},
				{
					ProductGroup = 32984BE818C53C90005A62A1 /* Products */;
					ProjectRef = 32984BE718C53C90005A62A1 /* Vendor.xcodeproj */;
				},
			);
			projectRoot = "";
			targets = (
				1D6058900D05DD3D006BFB54 /* WonkyBird */,
			);
		};
/* End PBXProject section */

/* Begin PBXReferenceProxy section */
		15A3D8861682F7B3002FB0C5 /* libcocos2dx.a */ = {
			isa = PBXReferenceProxy;
			fileType = archive.ar;
			path = libcocos2dx.a;
			remoteRef = 15A3D8851682F7B3002FB0C5 /* PBXContainerItemProxy */;
			sourceTree = BUILT_PRODUCTS_DIR;
		};
		32984BED18C53C91005A62A1 /* libVendor.a */ = {
			isa = PBXReferenceProxy;
			fileType = archive.ar;
			path = libVendor.a;
			remoteRef = 32984BEC18C53C91005A62A1 /* PBXContainerItemProxy */;
			sourceTree = BUILT_PRODUCTS_DIR;
		};
/* End PBXReferenceProxy section */

/* Begin PBXResourcesBuildPhase section */
		1D60588D0D05DD3D006BFB54 /* Resources */ = {
			isa = PBXResourcesBuildPhase;
			buildActionMask = 2147483647;
			files = (
				326DF52F18C521B2004E1F4B /* Font_Score_Small.GlyphProject in Resources */,
				326DF53718C521B2004E1F4B /* Perc_2.wav in Resources */,
				326DF53C18C521B2004E1F4B /* Clouds.tps in Resources */,
				326DF53118C521B2004E1F4B /* AppIcon29x29@2x.png in Resources */,
				326DF53E18C521B2004E1F4B /* Clouds@2x.png in Resources */,
				326DF54A18C521B2004E1F4B /* Pipe.tmx in Resources */,
				326DF54218C521B2004E1F4B /* Pipe.plist in Resources */,
				326DF53D18C521B2004E1F4B /* Clouds@2x.plist in Resources */,
				326DF53418C521B2004E1F4B /* AppIcon76x76@2x.png in Resources */,
				326DF53518C521B2004E1F4B /* ShapeDefs.pes in Resources */,
				326DF53618C521B2004E1F4B /* ShapeDefs.plist in Resources */,
				326DF54518C521B2004E1F4B /* Textures@2x.png in Resources */,
				326DF54918C521B2004E1F4B /* Pipe.png in Resources */,
				326DF53F18C521B2004E1F4B /* HUD.tps in Resources */,
				326DF53018C521B2004E1F4B /* Font_Score_Small.png in Resources */,
				326DF54418C521B2004E1F4B /* Textures@2x.plist in Resources */,
				326DF54018C521B2004E1F4B /* HUD@2x.plist in Resources */,
				326DF54318C521B2004E1F4B /* Textures.tps in Resources */,
				326DF53A18C521B2004E1F4B /* Default-568h@2x.png in Resources */,
				326DF53B18C521B2004E1F4B /* Default@2x.png in Resources */,
				326DF52C18C521B2004E1F4B /* Font_Score_Large.GlyphProject in Resources */,
				326DF54818C521B2004E1F4B /* Pipe.ai in Resources */,
				326DF54618C521B2004E1F4B /* Grass.png in Resources */,
				326DF53318C521B2004E1F4B /* AppIcon60x60@2x.png in Resources */,
				326DF52D18C521B2004E1F4B /* Font_Score_Large.png in Resources */,
				326DF4E218C510FC004E1F4B /* Background@2x.png in Resources */,
				326DF53818C521B2004E1F4B /* Return_to_Earth.mp3 in Resources */,
				326DF52E18C521B2004E1F4B /* Font_Score_Small.fnt in Resources */,
				326DF53918C521B2004E1F4B /* Shaker_2.wav in Resources */,
				326DF54718C521B2004E1F4B /* Grass.tmx in Resources */,
				326DF4E318C510FC004E1F4B /* Background_Night@2x.png in Resources */,
				326DF53218C521B2004E1F4B /* AppIcon40x40@2x.png in Resources */,
				326DF54118C521B2004E1F4B /* HUD@2x.png in Resources */,
				326DF52B18C521B2004E1F4B /* Font_Score_Large.fnt in Resources */,
				326DF4E418C510FC004E1F4B /* Background_Toucan@2x.png in Resources */,
			);
			runOnlyForDeploymentPostprocessing = 0;
		};
/* End PBXResourcesBuildPhase section */

/* Begin PBXSourcesBuildPhase section */
		1D60588E0D05DD3D006BFB54 /* Sources */ = {
			isa = PBXSourcesBuildPhase;
			buildActionMask = 2147483647;
			files = (
				321D602318C559CA003921FC /* Box2DItem.cpp in Sources */,
				326DF4F018C51AA0004E1F4B /* StaticBackgroundLayer.cpp in Sources */,
				326DF55118C52629004E1F4B /* Bird.cpp in Sources */,
				32231E1D18C5EC320097167F /* Pipe.cpp in Sources */,
				326DF56018C5276B004E1F4B /* Box2DLayer.cpp in Sources */,
				326DF55418C52647004E1F4B /* Toucan.cpp in Sources */,
				326DF54E18C52604004E1F4B /* GameSprite.cpp in Sources */,
				32231E1118C5CA5B0097167F /* ReflectiveClass.cpp in Sources */,
				32231E2018C5F49E0097167F /* TiledMapWithBox2D.cpp in Sources */,
				326DF55D18C5271E004E1F4B /* GameManager.cpp in Sources */,
				326DF4E918C51A98004E1F4B /* AppDelegate.cpp in Sources */,
				326DF55718C52667004E1F4B /* Pigeon.cpp in Sources */,
				32231E1918C5DB3A0097167F /* SimpleAudioEngine.mm in Sources */,
				326DF4FF18C51EB6004E1F4B /* HUDLayer.cpp in Sources */,
				1AFAF8B816D35DE700DB1158 /* HelloWorldScene.cpp in Sources */,
				1AC3624916D4A1E8000847F2 /* AppController.mm in Sources */,
				321D602C18C55D9F003921FC /* GLES-Render.cpp in Sources */,
				1AC3624B16D4A1E8000847F2 /* main.m in Sources */,
				1AFCDA8216D4A25900906EA6 /* RootViewController.mm in Sources */,
				326DF50318C51FDA004E1F4B /* GameLayer.cpp in Sources */,
				326DF4F918C51E2E004E1F4B /* ScrollingBackgroundLayer.cpp in Sources */,
				326DF4EF18C51AA0004E1F4B /* MainScene.cpp in Sources */,
				326DF4FC18C51EAB004E1F4B /* GameplayLayer.cpp in Sources */,
			);
			runOnlyForDeploymentPostprocessing = 0;
		};
/* End PBXSourcesBuildPhase section */

/* Begin PBXTargetDependency section */
		15A3DA691682F881002FB0C5 /* PBXTargetDependency */ = {
			isa = PBXTargetDependency;
			name = cocos2dx;
			targetProxy = 15A3DA681682F881002FB0C5 /* PBXContainerItemProxy */;
		};
		32984CB118C53CFA005A62A1 /* PBXTargetDependency */ = {
			isa = PBXTargetDependency;
			name = Vendor;
			targetProxy = 32984CB018C53CFA005A62A1 /* PBXContainerItemProxy */;
		};
/* End PBXTargetDependency section */

/* Begin XCBuildConfiguration section */
		1D6058940D05DD3E006BFB54 /* Debug */ = {
			isa = XCBuildConfiguration;
			buildSettings = {
				ALWAYS_SEARCH_USER_PATHS = YES;
				CLANG_CXX_LANGUAGE_STANDARD = "c++0x";
				CLANG_CXX_LIBRARY = "libc++";
				CODE_SIGN_IDENTITY = "iPhone Developer";
				"CODE_SIGN_IDENTITY[sdk=iphoneos*]" = "iPhone Developer";
				COPY_PHASE_STRIP = NO;
				GCC_C_LANGUAGE_STANDARD = c11;
				GCC_DYNAMIC_NO_PIC = NO;
				GCC_INCREASE_PRECOMPILED_HEADER_SHARING = YES;
				GCC_INLINES_ARE_PRIVATE_EXTERN = NO;
				GCC_INPUT_FILETYPE = sourcecode.cpp.objcpp;
				GCC_OPTIMIZATION_LEVEL = 0;
				GCC_PRECOMPILE_PREFIX_HEADER = NO;
				GCC_PREFIX_HEADER = Prefix.pch;
				GCC_PREPROCESSOR_DEFINITIONS = (
					USE_FILE32API,
					CC_TARGET_OS_IPHONE,
					"COCOS2D_DEBUG=1",
					CC_ENABLE_CHIPMUNK_INTEGRATION,
				);
				GCC_SYMBOLS_PRIVATE_EXTERN = NO;
				GCC_VERSION = "";
				HEADER_SEARCH_PATHS = (
					"~/cocos2d-x-2.2.2/cocos2dx/include",
					"$(SRCROOT)/../../../CocosDenshion/include",
					"\"$(SRCROOT)/../../../cocos2dx/kazmath/include\"",
					"\"$(SRCROOT)/../../../cocos2dx\"",
					"\"$(SRCROOT)/../../../cocos2dx/platform/third_party/ios\"",
					"\"$(SRCROOT)/../../../cocos2dx/platform/ios\"",
					"\"$(SRCROOT)/../../../cocos2dx/platform/ios/Simulation\"",
				);
				INFOPLIST_FILE = Info.plist;
				IPHONEOS_DEPLOYMENT_TARGET = 5.0;
				LIBRARY_SEARCH_PATHS = "\"$(SRCROOT)/../../../cocos2dx/platform/third_party/ios/libraries\"";
				ONLY_ACTIVE_ARCH = YES;
				PRODUCT_NAME = WonkyBird;
				PROVISIONING_PROFILE = "";
				"PROVISIONING_PROFILE[sdk=iphoneos*]" = "";
				SDKROOT = iphoneos;
				TARGETED_DEVICE_FAMILY = "1,2";
				USER_HEADER_SEARCH_PATHS = "$(SRCROOT)/Vendor/**";
			};
			name = Debug;
		};
		1D6058950D05DD3E006BFB54 /* Release */ = {
			isa = XCBuildConfiguration;
			buildSettings = {
				ALWAYS_SEARCH_USER_PATHS = YES;
				CLANG_CXX_LANGUAGE_STANDARD = "c++0x";
				CLANG_CXX_LIBRARY = "libc++";
				CODE_SIGN_IDENTITY = "iPhone Developer";
				"CODE_SIGN_IDENTITY[sdk=iphoneos*]" = "iPhone Developer";
				COPY_PHASE_STRIP = YES;
				GCC_C_LANGUAGE_STANDARD = c11;
				GCC_INCREASE_PRECOMPILED_HEADER_SHARING = YES;
				GCC_INLINES_ARE_PRIVATE_EXTERN = NO;
				GCC_INPUT_FILETYPE = sourcecode.cpp.objcpp;
				GCC_OPTIMIZATION_LEVEL = 0;
				GCC_PRECOMPILE_PREFIX_HEADER = NO;
				GCC_PREFIX_HEADER = Prefix.pch;
				GCC_PREPROCESSOR_DEFINITIONS = (
					USE_FILE32API,
					CC_TARGET_OS_IPHONE,
					CC_ENABLE_CHIPMUNK_INTEGRATION,
				);
				GCC_SYMBOLS_PRIVATE_EXTERN = NO;
				GCC_VERSION = "";
				HEADER_SEARCH_PATHS = (
					"~/cocos2d-x-2.2.2/cocos2dx/include",
					"$(SRCROOT)/../../../CocosDenshion/include",
					"\"$(SRCROOT)/../../../cocos2dx/kazmath/include\"",
					"\"$(SRCROOT)/../../../cocos2dx\"",
					"\"$(SRCROOT)/../../../cocos2dx/platform/third_party/ios\"",
					"\"$(SRCROOT)/../../../cocos2dx/platform/ios\"",
					"\"$(SRCROOT)/../../../cocos2dx/platform/ios/Simulation\"",
				);
				INFOPLIST_FILE = Info.plist;
				IPHONEOS_DEPLOYMENT_TARGET = 5.0;
				LIBRARY_SEARCH_PATHS = "\"$(SRCROOT)/../../../cocos2dx/platform/third_party/ios/libraries\"";
				PRODUCT_NAME = WonkyBird;
				PROVISIONING_PROFILE = "";
				"PROVISIONING_PROFILE[sdk=iphoneos*]" = "";
				SDKROOT = iphoneos;
				TARGETED_DEVICE_FAMILY = "1,2";
				USER_HEADER_SEARCH_PATHS = "$(SRCROOT)/Vendor/**";
				VALIDATE_PRODUCT = YES;
			};
			name = Release;
		};
		C01FCF4F08A954540054247B /* Debug */ = {
			isa = XCBuildConfiguration;
			buildSettings = {
				GCC_C_LANGUAGE_STANDARD = c99;
				GCC_VERSION = "";
				GCC_WARN_ABOUT_RETURN_TYPE = YES;
				GCC_WARN_UNUSED_VARIABLE = YES;
				ONLY_ACTIVE_ARCH = YES;
				SDKROOT = iphoneos;
				USER_HEADER_SEARCH_PATHS = "$(SRCROOT/Vendor";
				VALID_ARCHS = "armv7 armv7s";
			};
			name = Debug;
		};
		C01FCF5008A954540054247B /* Release */ = {
			isa = XCBuildConfiguration;
			buildSettings = {
				GCC_C_LANGUAGE_STANDARD = c99;
				GCC_VERSION = "";
				GCC_WARN_ABOUT_RETURN_TYPE = YES;
				GCC_WARN_UNUSED_VARIABLE = YES;
				OTHER_CFLAGS = "-DNS_BLOCK_ASSERTIONS=1";
				SDKROOT = iphoneos;
				USER_HEADER_SEARCH_PATHS = "$(SRCROOT/Vendor";
				VALID_ARCHS = "armv7 armv7s";
			};
			name = Release;
		};
/* End XCBuildConfiguration section */

/* Begin XCConfigurationList section */
		1D6058960D05DD3E006BFB54 /* Build configuration list for PBXNativeTarget "WonkyBird" */ = {
			isa = XCConfigurationList;
			buildConfigurations = (
				1D6058940D05DD3E006BFB54 /* Debug */,
				1D6058950D05DD3E006BFB54 /* Release */,
			);
			defaultConfigurationIsVisible = 0;
			defaultConfigurationName = Debug;
		};
		C01FCF4E08A954540054247B /* Build configuration list for PBXProject "WonkyBird" */ = {
			isa = XCConfigurationList;
			buildConfigurations = (
				C01FCF4F08A954540054247B /* Debug */,
				C01FCF5008A954540054247B /* Release */,
			);
			defaultConfigurationIsVisible = 0;
			defaultConfigurationName = Debug;
		};
/* End XCConfigurationList section */
	};
	rootObject = 29B97313FDCFA39411CA2CEA /* Project object */;
}
